{
  "version": 4,
  "terraform_version": "0.13.5",
  "serial": 20,
  "lineage": "0ce21cb0-195e-3a89-d4a5-4dc7e12aa9ee",
  "outputs": {
    "aws_consul_iam_instance_profile_name": {
      "value": "consul-vfej",
      "type": "string"
    },
    "aws_consul_iam_role_arn": {
      "value": "arn:aws:iam::332258952501:role/consul-vfej",
      "type": "string"
    },
    "aws_cts_iam_instance_profile_name": {
      "value": "cts-vfej",
      "type": "string"
    },
    "aws_cts_iam_role_arn": {
      "value": "arn:aws:iam::332258952501:role/cts-vfej",
      "type": "string"
    },
    "aws_nomad_iam_instance_profile_name": {
      "value": "nomad-vfej",
      "type": "string"
    },
    "aws_nomad_iam_role_arn": {
      "value": "arn:aws:iam::332258952501:role/nomad-vfej",
      "type": "string"
    },
    "azure_consul_user_assigned_identity_id": {
      "value": "/subscriptions/37bc21fd-d0f5-46a3-8802-d5136be12b7e/resourceGroups/instruqt-vfej/providers/Microsoft.ManagedIdentity/userAssignedIdentities/consul-vfej",
      "type": "string"
    },
    "azure_consul_user_assigned_identity_name": {
      "value": "consul-vfej",
      "type": "string"
    },
    "azure_consul_user_assigned_identity_principal_id": {
      "value": "fbb7256b-225e-42f6-8db0-efd3e176d19e",
      "type": "string"
    },
    "azure_product_api_user_assigned_identity_id": {
      "value": "/subscriptions/37bc21fd-d0f5-46a3-8802-d5136be12b7e/resourceGroups/instruqt-vfej/providers/Microsoft.ManagedIdentity/userAssignedIdentities/product-api-vfej",
      "type": "string"
    },
    "azure_product_api_user_assigned_identity_name": {
      "value": "product-api-vfej",
      "type": "string"
    },
    "azure_product_api_user_assigned_identity_principal_id": {
      "value": "efb6b0ac-81cb-46e3-bb01-0d2ebc1385e0",
      "type": "string"
    },
    "gcp_consul_service_account_email": {
      "value": "consul-vfej@p-vog23x9oea5u-0.iam.gserviceaccount.com",
      "type": "string"
    }
  },
  "resources": [
    {
      "mode": "data",
      "type": "azurerm_subscription",
      "name": "primary",
      "provider": "provider[\"registry.terraform.io/hashicorp/azurerm\"]",
      "instances": [
        {
          "schema_version": 0,
          "attributes": {
            "display_name": "Instruqt Subscription ztjpztn13ziq",
            "id": "/subscriptions/37bc21fd-d0f5-46a3-8802-d5136be12b7e",
            "location_placement_id": "Public_2014-09-01",
            "quota_id": "EnterpriseAgreement_2014-09-01",
            "spending_limit": "Off",
            "state": "Enabled",
            "subscription_id": "37bc21fd-d0f5-46a3-8802-d5136be12b7e",
            "tags": {},
            "tenant_id": "ab2e4aa2-3855-48b9-8d02-619cee6d9513",
            "timeouts": null
          }
        }
      ]
    },
    {
      "mode": "data",
      "type": "terraform_remote_state",
      "name": "infra",
      "provider": "provider[\"terraform.io/builtin/terraform\"]",
      "instances": [
        {
          "schema_version": 0,
          "attributes": {
            "backend": "local",
            "config": {
              "value": {
                "path": "../infra/terraform.tfstate"
              },
              "type": [
                "object",
                {
                  "path": "string"
                }
              ]
            },
            "defaults": null,
            "outputs": {
              "value": {
                "aws_shared_svcs_private_subnets": [
                  "subnet-0f28b3e2ffeb6c850",
                  "subnet-02954e54ad1f182d6",
                  "subnet-04a046c94626becbd"
                ],
                "aws_shared_svcs_public_subnets": [
                  "subnet-00e0abdeeb6e3dfc1",
                  "subnet-04d2924304f7e501c",
                  "subnet-0218dec6dd57ff1a8"
                ],
                "aws_shared_svcs_vpc": "vpc-09d729a27d42ad613",
                "aws_ssh_key_name": "instruqt-vfej",
                "azure_app_public_subnets": [
                  "/subscriptions/37bc21fd-d0f5-46a3-8802-d5136be12b7e/resourceGroups/instruqt-vfej/providers/Microsoft.Network/virtualNetworks/app-vnet/subnets/app"
                ],
                "azure_rg_location": "southcentralus",
                "azure_rg_name": "instruqt-vfej",
                "azure_shared_svcs_public_subnets": [
                  "/subscriptions/37bc21fd-d0f5-46a3-8802-d5136be12b7e/resourceGroups/instruqt-vfej/providers/Microsoft.Network/virtualNetworks/shared-svcs-vnet/subnets/shared"
                ],
                "env": "vfej",
                "gcp_shared_svcs_network_self_link": "https://www.googleapis.com/compute/v1/projects/p-vog23x9oea5u-0/global/networks/vpc-shared-svcs"
              },
              "type": [
                "object",
                {
                  "aws_shared_svcs_private_subnets": [
                    "tuple",
                    [
                      "string",
                      "string",
                      "string"
                    ]
                  ],
                  "aws_shared_svcs_public_subnets": [
                    "tuple",
                    [
                      "string",
                      "string",
                      "string"
                    ]
                  ],
                  "aws_shared_svcs_vpc": "string",
                  "aws_ssh_key_name": "string",
                  "azure_app_public_subnets": [
                    "tuple",
                    [
                      "string"
                    ]
                  ],
                  "azure_rg_location": "string",
                  "azure_rg_name": "string",
                  "azure_shared_svcs_public_subnets": [
                    "tuple",
                    [
                      "string"
                    ]
                  ],
                  "env": "string",
                  "gcp_shared_svcs_network_self_link": "string"
                }
              ]
            },
            "workspace": null
          }
        }
      ]
    },
    {
      "mode": "managed",
      "type": "aws_iam_instance_profile",
      "name": "consul",
      "provider": "provider[\"registry.terraform.io/hashicorp/aws\"]",
      "instances": [
        {
          "schema_version": 0,
          "attributes": {
            "arn": "arn:aws:iam::332258952501:instance-profile/consul-vfej",
            "create_date": "2023-04-13T12:30:55Z",
            "id": "consul-vfej",
            "name": "consul-vfej",
            "name_prefix": null,
            "path": "/",
            "role": "consul-vfej",
            "tags": {},
            "tags_all": {},
            "unique_id": "AIPAU2XBNIU24KYBGNXZQ"
          },
          "private": "bnVsbA==",
          "dependencies": [
            "aws_iam_role.consul",
            "data.terraform_remote_state.infra"
          ]
        }
      ]
    },
    {
      "mode": "managed",
      "type": "aws_iam_instance_profile",
      "name": "cts",
      "provider": "provider[\"registry.terraform.io/hashicorp/aws\"]",
      "instances": [
        {
          "schema_version": 0,
          "attributes": {
            "arn": "arn:aws:iam::332258952501:instance-profile/cts-vfej",
            "create_date": "2023-04-13T12:30:55Z",
            "id": "cts-vfej",
            "name": "cts-vfej",
            "name_prefix": null,
            "path": "/",
            "role": "cts-vfej",
            "tags": {},
            "tags_all": {},
            "unique_id": "AIPAU2XBNIU2RDJXUXDZT"
          },
          "private": "bnVsbA==",
          "dependencies": [
            "aws_iam_role.cts",
            "data.terraform_remote_state.infra"
          ]
        }
      ]
    },
    {
      "mode": "managed",
      "type": "aws_iam_instance_profile",
      "name": "nomad",
      "provider": "provider[\"registry.terraform.io/hashicorp/aws\"]",
      "instances": [
        {
          "schema_version": 0,
          "attributes": {
            "arn": "arn:aws:iam::332258952501:instance-profile/nomad-vfej",
            "create_date": "2023-04-13T12:30:55Z",
            "id": "nomad-vfej",
            "name": "nomad-vfej",
            "name_prefix": null,
            "path": "/",
            "role": "nomad-vfej",
            "tags": {},
            "tags_all": {},
            "unique_id": "AIPAU2XBNIU22A6VVGO4J"
          },
          "private": "bnVsbA==",
          "dependencies": [
            "aws_iam_role.nomad",
            "data.terraform_remote_state.infra"
          ]
        }
      ]
    },
    {
      "mode": "managed",
      "type": "aws_iam_policy",
      "name": "consul",
      "provider": "provider[\"registry.terraform.io/hashicorp/aws\"]",
      "instances": [
        {
          "schema_version": 0,
          "attributes": {
            "arn": "arn:aws:iam::332258952501:policy/consul-vfej",
            "description": "",
            "id": "arn:aws:iam::332258952501:policy/consul-vfej",
            "name": "consul-vfej",
            "name_prefix": null,
            "path": "/",
            "policy": "{\"Statement\":[{\"Action\":\"ec2:DescribeInstances\",\"Effect\":\"Allow\",\"Resource\":\"*\"}],\"Version\":\"2012-10-17\"}",
            "policy_id": "ANPAU2XBNIU2ZNFMVIFUW",
            "tags": {},
            "tags_all": {}
          },
          "private": "bnVsbA==",
          "dependencies": [
            "data.terraform_remote_state.infra"
          ]
        }
      ]
    },
    {
      "mode": "managed",
      "type": "aws_iam_policy",
      "name": "cts",
      "provider": "provider[\"registry.terraform.io/hashicorp/aws\"]",
      "instances": [
        {
          "schema_version": 0,
          "attributes": {
            "arn": "arn:aws:iam::332258952501:policy/cts-vfej",
            "description": "",
            "id": "arn:aws:iam::332258952501:policy/cts-vfej",
            "name": "cts-vfej",
            "name_prefix": null,
            "path": "/",
            "policy": "{\"Statement\":[{\"Action\":[\"ec2:DescribeInstances\",\"ec2:AuthorizeSecurityGroupEgress\",\"ec2:AuthorizeSecurityGroupIngress\",\"ec2:CreateSecurityGroup\",\"ec2:DeleteSecurityGroup\",\"ec2:DescribeSecurityGroupRules\",\"ec2:DescribeSecurityGroups\",\"ec2:ModifySecurityGroupRules\",\"ec2:RevokeSecurityGroupEgress\",\"ec2:RevokeSecurityGroupIngress\",\"ec2:UpdateSecurityGroupRuleDescriptionsEgress\",\"ec2:UpdateSecurityGroupRuleDescriptionsIngress\"],\"Effect\":\"Allow\",\"Resource\":\"*\"}],\"Version\":\"2012-10-17\"}",
            "policy_id": "ANPAU2XBNIU2THBHPEHVT",
            "tags": {},
            "tags_all": {}
          },
          "private": "bnVsbA==",
          "dependencies": [
            "data.terraform_remote_state.infra"
          ]
        }
      ]
    },
    {
      "mode": "managed",
      "type": "aws_iam_policy",
      "name": "nomad",
      "provider": "provider[\"registry.terraform.io/hashicorp/aws\"]",
      "instances": [
        {
          "schema_version": 0,
          "attributes": {
            "arn": "arn:aws:iam::332258952501:policy/nomad-vfej",
            "description": "",
            "id": "arn:aws:iam::332258952501:policy/nomad-vfej",
            "name": "nomad-vfej",
            "name_prefix": null,
            "path": "/",
            "policy": "{\"Statement\":[{\"Action\":\"ec2:DescribeInstances\",\"Effect\":\"Allow\",\"Resource\":\"*\"}],\"Version\":\"2012-10-17\"}",
            "policy_id": "ANPAU2XBNIU2Y6QEULSIA",
            "tags": {},
            "tags_all": {}
          },
          "private": "bnVsbA==",
          "dependencies": [
            "data.terraform_remote_state.infra"
          ]
        }
      ]
    },
    {
      "mode": "managed",
      "type": "aws_iam_role",
      "name": "consul",
      "provider": "provider[\"registry.terraform.io/hashicorp/aws\"]",
      "instances": [
        {
          "schema_version": 0,
          "attributes": {
            "arn": "arn:aws:iam::332258952501:role/consul-vfej",
            "assume_role_policy": "{\"Version\":\"2012-10-17\",\"Statement\":[{\"Sid\":\"\",\"Effect\":\"Allow\",\"Principal\":{\"Service\":\"ec2.amazonaws.com\"},\"Action\":\"sts:AssumeRole\"}]}",
            "create_date": "2023-04-13T12:30:53Z",
            "description": "",
            "force_detach_policies": false,
            "id": "consul-vfej",
            "inline_policy": [
              {
                "name": "",
                "policy": ""
              }
            ],
            "managed_policy_arns": [
              "arn:aws:iam::332258952501:policy/consul-vfej"
            ],
            "max_session_duration": 3600,
            "name": "consul-vfej",
            "name_prefix": "",
            "path": "/",
            "permissions_boundary": null,
            "tags": {},
            "tags_all": {},
            "unique_id": "AROAU2XBNIU2QODT7LVIC"
          },
          "private": "bnVsbA==",
          "dependencies": [
            "data.terraform_remote_state.infra"
          ]
        }
      ]
    },
    {
      "mode": "managed",
      "type": "aws_iam_role",
      "name": "cts",
      "provider": "provider[\"registry.terraform.io/hashicorp/aws\"]",
      "instances": [
        {
          "schema_version": 0,
          "attributes": {
            "arn": "arn:aws:iam::332258952501:role/cts-vfej",
            "assume_role_policy": "{\"Version\":\"2012-10-17\",\"Statement\":[{\"Sid\":\"\",\"Effect\":\"Allow\",\"Principal\":{\"Service\":\"ec2.amazonaws.com\"},\"Action\":\"sts:AssumeRole\"}]}",
            "create_date": "2023-04-13T12:30:53Z",
            "description": "",
            "force_detach_policies": false,
            "id": "cts-vfej",
            "inline_policy": [
              {
                "name": "",
                "policy": ""
              }
            ],
            "managed_policy_arns": [
              "arn:aws:iam::332258952501:policy/cts-vfej"
            ],
            "max_session_duration": 3600,
            "name": "cts-vfej",
            "name_prefix": "",
            "path": "/",
            "permissions_boundary": null,
            "tags": {},
            "tags_all": {},
            "unique_id": "AROAU2XBNIU2WPJG4KORX"
          },
          "private": "bnVsbA==",
          "dependencies": [
            "data.terraform_remote_state.infra"
          ]
        }
      ]
    },
    {
      "mode": "managed",
      "type": "aws_iam_role",
      "name": "nomad",
      "provider": "provider[\"registry.terraform.io/hashicorp/aws\"]",
      "instances": [
        {
          "schema_version": 0,
          "attributes": {
            "arn": "arn:aws:iam::332258952501:role/nomad-vfej",
            "assume_role_policy": "{\"Version\":\"2012-10-17\",\"Statement\":[{\"Sid\":\"\",\"Effect\":\"Allow\",\"Principal\":{\"Service\":\"ec2.amazonaws.com\"},\"Action\":\"sts:AssumeRole\"}]}",
            "create_date": "2023-04-13T12:30:53Z",
            "description": "",
            "force_detach_policies": false,
            "id": "nomad-vfej",
            "inline_policy": [
              {
                "name": "",
                "policy": ""
              }
            ],
            "managed_policy_arns": [
              "arn:aws:iam::332258952501:policy/nomad-vfej"
            ],
            "max_session_duration": 3600,
            "name": "nomad-vfej",
            "name_prefix": "",
            "path": "/",
            "permissions_boundary": null,
            "tags": {},
            "tags_all": {},
            "unique_id": "AROAU2XBNIU2YWZHKMHU2"
          },
          "private": "bnVsbA==",
          "dependencies": [
            "data.terraform_remote_state.infra"
          ]
        }
      ]
    },
    {
      "mode": "managed",
      "type": "aws_iam_role_policy_attachment",
      "name": "consul",
      "provider": "provider[\"registry.terraform.io/hashicorp/aws\"]",
      "instances": [
        {
          "schema_version": 0,
          "attributes": {
            "id": "consul-vfej-20230413123055208500000002",
            "policy_arn": "arn:aws:iam::332258952501:policy/consul-vfej",
            "role": "consul-vfej"
          },
          "private": "bnVsbA==",
          "dependencies": [
            "aws_iam_policy.consul",
            "aws_iam_role.consul",
            "data.terraform_remote_state.infra"
          ]
        }
      ]
    },
    {
      "mode": "managed",
      "type": "aws_iam_role_policy_attachment",
      "name": "cts",
      "provider": "provider[\"registry.terraform.io/hashicorp/aws\"]",
      "instances": [
        {
          "schema_version": 0,
          "attributes": {
            "id": "cts-vfej-20230413123055294600000003",
            "policy_arn": "arn:aws:iam::332258952501:policy/cts-vfej",
            "role": "cts-vfej"
          },
          "private": "bnVsbA==",
          "dependencies": [
            "aws_iam_policy.cts",
            "aws_iam_role.cts",
            "data.terraform_remote_state.infra"
          ]
        }
      ]
    },
    {
      "mode": "managed",
      "type": "aws_iam_role_policy_attachment",
      "name": "nomad",
      "provider": "provider[\"registry.terraform.io/hashicorp/aws\"]",
      "instances": [
        {
          "schema_version": 0,
          "attributes": {
            "id": "nomad-vfej-20230413123055189900000001",
            "policy_arn": "arn:aws:iam::332258952501:policy/nomad-vfej",
            "role": "nomad-vfej"
          },
          "private": "bnVsbA==",
          "dependencies": [
            "aws_iam_policy.nomad",
            "aws_iam_role.nomad",
            "data.terraform_remote_state.infra"
          ]
        }
      ]
    },
    {
      "mode": "managed",
      "type": "azurerm_role_assignment",
      "name": "consul",
      "provider": "provider[\"registry.terraform.io/hashicorp/azurerm\"]",
      "instances": [
        {
          "schema_version": 0,
          "attributes": {
            "id": "/subscriptions/37bc21fd-d0f5-46a3-8802-d5136be12b7e/providers/Microsoft.Authorization/roleAssignments/e664fb3d-04b7-639a-908d-f9fe3f0d460a",
            "name": "e664fb3d-04b7-639a-908d-f9fe3f0d460a",
            "principal_id": "fbb7256b-225e-42f6-8db0-efd3e176d19e",
            "principal_type": "ServicePrincipal",
            "role_definition_id": "/subscriptions/37bc21fd-d0f5-46a3-8802-d5136be12b7e/providers/Microsoft.Authorization/roleDefinitions/acdd72a7-3385-48ef-bd42-f606fba81ae7",
            "role_definition_name": "Reader",
            "scope": "/subscriptions/37bc21fd-d0f5-46a3-8802-d5136be12b7e",
            "skip_service_principal_aad_check": null,
            "timeouts": null
          },
          "private": "eyJlMmJmYjczMC1lY2FhLTExZTYtOGY4OC0zNDM2M2JjN2M0YzAiOnsiY3JlYXRlIjoxODAwMDAwMDAwMDAwLCJkZWxldGUiOjE4MDAwMDAwMDAwMDAsInJlYWQiOjMwMDAwMDAwMDAwMCwidXBkYXRlIjoxODAwMDAwMDAwMDAwfX0=",
          "dependencies": [
            "azurerm_user_assigned_identity.consul",
            "data.azurerm_subscription.primary",
            "data.terraform_remote_state.infra"
          ]
        }
      ]
    },
    {
      "mode": "managed",
      "type": "azurerm_role_assignment",
      "name": "product-api",
      "provider": "provider[\"registry.terraform.io/hashicorp/azurerm\"]",
      "instances": [
        {
          "schema_version": 0,
          "attributes": {
            "id": "/subscriptions/37bc21fd-d0f5-46a3-8802-d5136be12b7e/providers/Microsoft.Authorization/roleAssignments/91609573-967f-006b-1c74-f52df625c51b",
            "name": "91609573-967f-006b-1c74-f52df625c51b",
            "principal_id": "efb6b0ac-81cb-46e3-bb01-0d2ebc1385e0",
            "principal_type": "ServicePrincipal",
            "role_definition_id": "/subscriptions/37bc21fd-d0f5-46a3-8802-d5136be12b7e/providers/Microsoft.Authorization/roleDefinitions/acdd72a7-3385-48ef-bd42-f606fba81ae7",
            "role_definition_name": "Reader",
            "scope": "/subscriptions/37bc21fd-d0f5-46a3-8802-d5136be12b7e",
            "skip_service_principal_aad_check": null,
            "timeouts": null
          },
          "private": "eyJlMmJmYjczMC1lY2FhLTExZTYtOGY4OC0zNDM2M2JjN2M0YzAiOnsiY3JlYXRlIjoxODAwMDAwMDAwMDAwLCJkZWxldGUiOjE4MDAwMDAwMDAwMDAsInJlYWQiOjMwMDAwMDAwMDAwMCwidXBkYXRlIjoxODAwMDAwMDAwMDAwfX0=",
          "dependencies": [
            "azurerm_user_assigned_identity.product-api",
            "data.azurerm_subscription.primary",
            "data.terraform_remote_state.infra"
          ]
        }
      ]
    },
    {
      "mode": "managed",
      "type": "azurerm_user_assigned_identity",
      "name": "consul",
      "provider": "provider[\"registry.terraform.io/hashicorp/azurerm\"]",
      "instances": [
        {
          "schema_version": 1,
          "attributes": {
            "client_id": "7805dd40-5539-48a3-9142-25ca0a0b6647",
            "id": "/subscriptions/37bc21fd-d0f5-46a3-8802-d5136be12b7e/resourceGroups/instruqt-vfej/providers/Microsoft.ManagedIdentity/userAssignedIdentities/consul-vfej",
            "location": "southcentralus",
            "name": "consul-vfej",
            "principal_id": "fbb7256b-225e-42f6-8db0-efd3e176d19e",
            "resource_group_name": "instruqt-vfej",
            "tags": {},
            "timeouts": null
          },
          "private": "eyJlMmJmYjczMC1lY2FhLTExZTYtOGY4OC0zNDM2M2JjN2M0YzAiOnsiY3JlYXRlIjoxODAwMDAwMDAwMDAwLCJkZWxldGUiOjE4MDAwMDAwMDAwMDAsInJlYWQiOjMwMDAwMDAwMDAwMCwidXBkYXRlIjoxODAwMDAwMDAwMDAwfSwic2NoZW1hX3ZlcnNpb24iOiIxIn0=",
          "dependencies": [
            "data.terraform_remote_state.infra"
          ]
        }
      ]
    },
    {
      "mode": "managed",
      "type": "azurerm_user_assigned_identity",
      "name": "product-api",
      "provider": "provider[\"registry.terraform.io/hashicorp/azurerm\"]",
      "instances": [
        {
          "schema_version": 1,
          "attributes": {
            "client_id": "1eae963d-d48a-490a-b5de-8efb84ba4804",
            "id": "/subscriptions/37bc21fd-d0f5-46a3-8802-d5136be12b7e/resourceGroups/instruqt-vfej/providers/Microsoft.ManagedIdentity/userAssignedIdentities/product-api-vfej",
            "location": "southcentralus",
            "name": "product-api-vfej",
            "principal_id": "efb6b0ac-81cb-46e3-bb01-0d2ebc1385e0",
            "resource_group_name": "instruqt-vfej",
            "tags": {},
            "timeouts": null
          },
          "private": "eyJlMmJmYjczMC1lY2FhLTExZTYtOGY4OC0zNDM2M2JjN2M0YzAiOnsiY3JlYXRlIjoxODAwMDAwMDAwMDAwLCJkZWxldGUiOjE4MDAwMDAwMDAwMDAsInJlYWQiOjMwMDAwMDAwMDAwMCwidXBkYXRlIjoxODAwMDAwMDAwMDAwfSwic2NoZW1hX3ZlcnNpb24iOiIxIn0=",
          "dependencies": [
            "data.terraform_remote_state.infra"
          ]
        }
      ]
    },
    {
      "mode": "managed",
      "type": "google_project_iam_member",
      "name": "consul",
      "provider": "provider[\"registry.terraform.io/hashicorp/google\"]",
      "instances": [
        {
          "schema_version": 0,
          "attributes": {
            "condition": [],
            "etag": "BwX5NuV1ebc=",
            "id": "p-vog23x9oea5u-0/roles/viewer/serviceAccount:consul-vfej@p-vog23x9oea5u-0.iam.gserviceaccount.com",
            "member": "serviceAccount:consul-vfej@p-vog23x9oea5u-0.iam.gserviceaccount.com",
            "project": "p-vog23x9oea5u-0",
            "role": "roles/viewer"
          },
          "private": "bnVsbA==",
          "dependencies": [
            "data.terraform_remote_state.infra",
            "google_service_account.consul"
          ]
        }
      ]
    },
    {
      "mode": "managed",
      "type": "google_service_account",
      "name": "consul",
      "provider": "provider[\"registry.terraform.io/hashicorp/google\"]",
      "instances": [
        {
          "schema_version": 0,
          "attributes": {
            "account_id": "consul-vfej",
            "description": "",
            "disabled": false,
            "display_name": "consul",
            "email": "consul-vfej@p-vog23x9oea5u-0.iam.gserviceaccount.com",
            "id": "projects/p-vog23x9oea5u-0/serviceAccounts/consul-vfej@p-vog23x9oea5u-0.iam.gserviceaccount.com",
            "name": "projects/p-vog23x9oea5u-0/serviceAccounts/consul-vfej@p-vog23x9oea5u-0.iam.gserviceaccount.com",
            "project": "p-vog23x9oea5u-0",
            "timeouts": null,
            "unique_id": "103044362498192561365"
          },
          "private": "eyJlMmJmYjczMC1lY2FhLTExZTYtOGY4OC0zNDM2M2JjN2M0YzAiOnsiY3JlYXRlIjozMDAwMDAwMDAwMDB9fQ==",
          "dependencies": [
            "data.terraform_remote_state.infra"
          ]
        }
      ]
    }
  ]
}
