{
  "version": 4,
  "terraform_version": "0.13.5",
  "serial": 61,
  "lineage": "2bbb94cf-517c-a80b-6569-46e6578bddf0",
  "outputs": {
    "aws_shared_svcs_private_subnets": {
      "value": [
        "subnet-0f28b3e2ffeb6c850",
        "subnet-02954e54ad1f182d6",
        "subnet-04a046c94626becbd"
      ],
      "type": [
        "tuple",
        [
          "string",
          "string",
          "string"
        ]
      ]
    },
    "aws_shared_svcs_public_subnets": {
      "value": [
        "subnet-00e0abdeeb6e3dfc1",
        "subnet-04d2924304f7e501c",
        "subnet-0218dec6dd57ff1a8"
      ],
      "type": [
        "tuple",
        [
          "string",
          "string",
          "string"
        ]
      ]
    },
    "aws_shared_svcs_vpc": {
      "value": "vpc-09d729a27d42ad613",
      "type": "string"
    },
    "aws_ssh_key_name": {
      "value": "instruqt-vfej",
      "type": "string"
    },
    "azure_app_public_subnets": {
      "value": [
        "/subscriptions/37bc21fd-d0f5-46a3-8802-d5136be12b7e/resourceGroups/instruqt-vfej/providers/Microsoft.Network/virtualNetworks/app-vnet/subnets/app"
      ],
      "type": [
        "tuple",
        [
          "string"
        ]
      ]
    },
    "azure_rg_location": {
      "value": "southcentralus",
      "type": "string"
    },
    "azure_rg_name": {
      "value": "instruqt-vfej",
      "type": "string"
    },
    "azure_shared_svcs_public_subnets": {
      "value": [
        "/subscriptions/37bc21fd-d0f5-46a3-8802-d5136be12b7e/resourceGroups/instruqt-vfej/providers/Microsoft.Network/virtualNetworks/shared-svcs-vnet/subnets/shared"
      ],
      "type": [
        "tuple",
        [
          "string"
        ]
      ]
    },
    "env": {
      "value": "vfej",
      "type": "string"
    },
    "gcp_shared_svcs_network_self_link": {
      "value": "https://www.googleapis.com/compute/v1/projects/p-vog23x9oea5u-0/global/networks/vpc-shared-svcs",
      "type": "string"
    }
  },
  "resources": [
    {
      "mode": "data",
      "type": "aws_ami",
      "name": "ubuntu",
      "provider": "provider[\"registry.terraform.io/hashicorp/aws\"]",
      "instances": [
        {
          "schema_version": 0,
          "attributes": {
            "architecture": "x86_64",
            "arn": "arn:aws:ec2:us-east-1::image/ami-047aac48e2ffc201f",
            "block_device_mappings": [
              {
                "device_name": "/dev/sda1",
                "ebs": {
                  "delete_on_termination": "true",
                  "encrypted": "false",
                  "iops": "0",
                  "snapshot_id": "snap-0fb93fad76b9b77a2",
                  "throughput": "0",
                  "volume_size": "8",
                  "volume_type": "gp2"
                },
                "no_device": "",
                "virtual_name": ""
              },
              {
                "device_name": "/dev/sdb",
                "ebs": {},
                "no_device": "",
                "virtual_name": "ephemeral0"
              },
              {
                "device_name": "/dev/sdc",
                "ebs": {},
                "no_device": "",
                "virtual_name": "ephemeral1"
              }
            ],
            "creation_date": "2023-03-29T17:14:43.000Z",
            "description": "Canonical, Ubuntu, 18.04 LTS, amd64 bionic image build on 2023-03-29",
            "ena_support": true,
            "executable_users": null,
            "filter": [
              {
                "name": "name",
                "values": [
                  "ubuntu/images/hvm-ssd/ubuntu-bionic-18.04-amd64-server-*"
                ]
              },
              {
                "name": "virtualization-type",
                "values": [
                  "hvm"
                ]
              }
            ],
            "hypervisor": "xen",
            "id": "ami-047aac48e2ffc201f",
            "image_id": "ami-047aac48e2ffc201f",
            "image_location": "amazon/ubuntu/images/hvm-ssd/ubuntu-bionic-18.04-amd64-server-20230329",
            "image_owner_alias": "amazon",
            "image_type": "machine",
            "kernel_id": null,
            "most_recent": true,
            "name": "ubuntu/images/hvm-ssd/ubuntu-bionic-18.04-amd64-server-20230329",
            "name_regex": null,
            "owner_id": "099720109477",
            "owners": [
              "099720109477"
            ],
            "platform": null,
            "platform_details": "Linux/UNIX",
            "product_codes": [],
            "public": true,
            "ramdisk_id": null,
            "root_device_name": "/dev/sda1",
            "root_device_type": "ebs",
            "root_snapshot_id": "snap-0fb93fad76b9b77a2",
            "sriov_net_support": "simple",
            "state": "available",
            "state_reason": {
              "code": "UNSET",
              "message": "UNSET"
            },
            "tags": {},
            "usage_operation": "RunInstances",
            "virtualization_type": "hvm"
          }
        }
      ]
    },
    {
      "mode": "managed",
      "type": "aws_key_pair",
      "name": "demo",
      "provider": "provider[\"registry.terraform.io/hashicorp/aws\"]",
      "instances": [
        {
          "schema_version": 1,
          "attributes": {
            "arn": "arn:aws:ec2:us-east-1:332258952501:key-pair/instruqt-vfej",
            "fingerprint": "4b:f9:5e:8a:a9:af:0f:f3:91:d7:0c:df:39:d3:36:93",
            "id": "instruqt-vfej",
            "key_name": "instruqt-vfej",
            "key_name_prefix": "",
            "key_pair_id": "key-0502b840c637c211e",
            "public_key": "ssh-rsa AAAAB3NzaC1yc2EAAAADAQABAAABAQCxMiAazJkJREhUbnslhf0urtOdHQTImR0Ko3TOWjVCb55HTwj1/LwRATDiL+0RHWiCL4S8zU2KvlBb9huj/PSRo64I3wRjHREy6GHM1uqm/OXgxidvemkY5bZzUmJ9cohj1ItbMcH+LiPTfrmAkIsdsgVfCeLWco2UO7PkwVv2757gIOsFd9ybOwlmnlaM3DiBmD5VO5APIacUwfSv3Ol8sQs3hpaxUON6e65+MA1voa1Kd7PlXE9a3NUKBfk9BwgQ9Cobbo9pSU9V+p7T9ClDd7jCqseeHwketltG14R7mSO9zB+CPLCRxz6GkueHitD0LT0y2itmL5hkiyuK9PJJ",
            "tags": null,
            "tags_all": {}
          },
          "private": "eyJzY2hlbWFfdmVyc2lvbiI6IjEifQ==",
          "dependencies": [
            "random_string.env"
          ]
        }
      ]
    },
    {
      "mode": "managed",
      "type": "aws_vpc_peering_connection",
      "name": "sharing-svcs",
      "provider": "provider[\"registry.terraform.io/hashicorp/aws\"]",
      "instances": [
        {
          "schema_version": 0,
          "attributes": {
            "accept_status": "pending-acceptance",
            "accepter": [],
            "auto_accept": false,
            "id": "pcx-000197e73273f78f2",
            "peer_owner_id": "332258952501",
            "peer_region": "us-east-1",
            "peer_vpc_id": "vpc-0da048706608ba401",
            "requester": [
              {
                "allow_classic_link_to_remote_vpc": false,
                "allow_remote_vpc_dns_resolution": false,
                "allow_vpc_to_remote_classic_link": false
              }
            ],
            "tags": {
              "Side": "Requester"
            },
            "tags_all": {
              "Side": "Requester"
            },
            "timeouts": null,
            "vpc_id": "vpc-09d729a27d42ad613"
          },
          "private": "eyJlMmJmYjczMC1lY2FhLTExZTYtOGY4OC0zNDM2M2JjN2M0YzAiOnsiY3JlYXRlIjo2MDAwMDAwMDAwMCwiZGVsZXRlIjo2MDAwMDAwMDAwMCwidXBkYXRlIjo2MDAwMDAwMDAwMH19",
          "dependencies": [
            "module.aws-vpc-app.aws_vpc.this",
            "module.aws-vpc-shared-svcs.aws_vpc.this"
          ]
        }
      ]
    },
    {
      "mode": "managed",
      "type": "aws_vpc_peering_connection_accepter",
      "name": "app",
      "provider": "provider[\"registry.terraform.io/hashicorp/aws\"]",
      "instances": [
        {
          "schema_version": 0,
          "attributes": {
            "accept_status": "active",
            "accepter": [
              {
                "allow_classic_link_to_remote_vpc": false,
                "allow_remote_vpc_dns_resolution": false,
                "allow_vpc_to_remote_classic_link": false
              }
            ],
            "auto_accept": true,
            "id": "pcx-000197e73273f78f2",
            "peer_owner_id": "332258952501",
            "peer_region": "us-east-1",
            "peer_vpc_id": "vpc-0da048706608ba401",
            "requester": [
              {
                "allow_classic_link_to_remote_vpc": false,
                "allow_remote_vpc_dns_resolution": false,
                "allow_vpc_to_remote_classic_link": false
              }
            ],
            "tags": {
              "Side": "Accepter"
            },
            "tags_all": {
              "Side": "Accepter"
            },
            "vpc_id": "vpc-09d729a27d42ad613",
            "vpc_peering_connection_id": "pcx-000197e73273f78f2"
          },
          "private": "bnVsbA==",
          "dependencies": [
            "aws_vpc_peering_connection.sharing-svcs",
            "module.aws-vpc-app.aws_vpc.this",
            "module.aws-vpc-shared-svcs.aws_vpc.this"
          ]
        }
      ]
    },
    {
      "mode": "managed",
      "type": "azurerm_resource_group",
      "name": "instruqt",
      "provider": "provider[\"registry.terraform.io/hashicorp/azurerm\"]",
      "instances": [
        {
          "schema_version": 0,
          "attributes": {
            "id": "/subscriptions/37bc21fd-d0f5-46a3-8802-d5136be12b7e/resourceGroups/instruqt-vfej",
            "location": "southcentralus",
            "name": "instruqt-vfej",
            "tags": null,
            "timeouts": null
          },
          "private": "eyJlMmJmYjczMC1lY2FhLTExZTYtOGY4OC0zNDM2M2JjN2M0YzAiOnsiY3JlYXRlIjo1NDAwMDAwMDAwMDAwLCJkZWxldGUiOjU0MDAwMDAwMDAwMDAsInJlYWQiOjMwMDAwMDAwMDAwMCwidXBkYXRlIjo1NDAwMDAwMDAwMDAwfX0=",
          "dependencies": [
            "random_string.env"
          ]
        }
      ]
    },
    {
      "mode": "managed",
      "type": "azurerm_virtual_network_peering",
      "name": "app-to-shared",
      "provider": "provider[\"registry.terraform.io/hashicorp/azurerm\"]",
      "instances": [
        {
          "schema_version": 0,
          "attributes": {
            "allow_forwarded_traffic": false,
            "allow_gateway_transit": false,
            "allow_virtual_network_access": true,
            "id": "/subscriptions/37bc21fd-d0f5-46a3-8802-d5136be12b7e/resourceGroups/instruqt-vfej/providers/Microsoft.Network/virtualNetworks/app-vnet/virtualNetworkPeerings/AppToShared",
            "name": "AppToShared",
            "remote_virtual_network_id": "/subscriptions/37bc21fd-d0f5-46a3-8802-d5136be12b7e/resourceGroups/instruqt-vfej/providers/Microsoft.Network/virtualNetworks/shared-svcs-vnet",
            "resource_group_name": "instruqt-vfej",
            "timeouts": null,
            "use_remote_gateways": false,
            "virtual_network_name": "app-vnet"
          },
          "private": "eyJlMmJmYjczMC1lY2FhLTExZTYtOGY4OC0zNDM2M2JjN2M0YzAiOnsiY3JlYXRlIjoxODAwMDAwMDAwMDAwLCJkZWxldGUiOjE4MDAwMDAwMDAwMDAsInJlYWQiOjMwMDAwMDAwMDAwMCwidXBkYXRlIjoxODAwMDAwMDAwMDAwfX0=",
          "dependencies": [
            "azurerm_resource_group.instruqt",
            "module.azure-shared-svcs-network.azurerm_virtual_network.vnet",
            "module.azure-shared-svcs-network.data.azurerm_resource_group.network",
            "random_string.env"
          ]
        }
      ]
    },
    {
      "mode": "managed",
      "type": "azurerm_virtual_network_peering",
      "name": "shared-to-app",
      "provider": "provider[\"registry.terraform.io/hashicorp/azurerm\"]",
      "instances": [
        {
          "schema_version": 0,
          "attributes": {
            "allow_forwarded_traffic": false,
            "allow_gateway_transit": false,
            "allow_virtual_network_access": true,
            "id": "/subscriptions/37bc21fd-d0f5-46a3-8802-d5136be12b7e/resourceGroups/instruqt-vfej/providers/Microsoft.Network/virtualNetworks/shared-svcs-vnet/virtualNetworkPeerings/SharedToApp",
            "name": "SharedToApp",
            "remote_virtual_network_id": "/subscriptions/37bc21fd-d0f5-46a3-8802-d5136be12b7e/resourceGroups/instruqt-vfej/providers/Microsoft.Network/virtualNetworks/app-vnet",
            "resource_group_name": "instruqt-vfej",
            "timeouts": null,
            "use_remote_gateways": false,
            "virtual_network_name": "shared-svcs-vnet"
          },
          "private": "eyJlMmJmYjczMC1lY2FhLTExZTYtOGY4OC0zNDM2M2JjN2M0YzAiOnsiY3JlYXRlIjoxODAwMDAwMDAwMDAwLCJkZWxldGUiOjE4MDAwMDAwMDAwMDAsInJlYWQiOjMwMDAwMDAwMDAwMCwidXBkYXRlIjoxODAwMDAwMDAwMDAwfX0=",
          "dependencies": [
            "azurerm_resource_group.instruqt",
            "module.azure-app-network.azurerm_virtual_network.vnet",
            "module.azure-app-network.data.azurerm_resource_group.network",
            "random_string.env"
          ]
        }
      ]
    },
    {
      "mode": "managed",
      "type": "google_compute_firewall",
      "name": "shared-consul",
      "provider": "provider[\"registry.terraform.io/hashicorp/google\"]",
      "instances": [
        {
          "schema_version": 1,
          "attributes": {
            "allow": [
              {
                "ports": [
                  "8300",
                  "8301",
                  "9301",
                  "8302",
                  "8502",
                  "8443",
                  "20000",
                  "30851"
                ],
                "protocol": "tcp"
              },
              {
                "ports": [
                  "8301",
                  "8302",
                  "9301"
                ],
                "protocol": "udp"
              },
              {
                "ports": [],
                "protocol": "icmp"
              }
            ],
            "creation_timestamp": "2023-04-13T05:28:46.480-07:00",
            "deny": [],
            "description": "",
            "destination_ranges": [],
            "direction": "INGRESS",
            "disabled": false,
            "enable_logging": null,
            "id": "projects/p-vog23x9oea5u-0/global/firewalls/shared-allow-consul",
            "log_config": [],
            "name": "shared-allow-consul",
            "network": "https://www.googleapis.com/compute/v1/projects/p-vog23x9oea5u-0/global/networks/vpc-shared-svcs",
            "priority": 1000,
            "project": "p-vog23x9oea5u-0",
            "self_link": "https://www.googleapis.com/compute/v1/projects/p-vog23x9oea5u-0/global/firewalls/shared-allow-consul",
            "source_ranges": [
              "0.0.0.0/0"
            ],
            "source_service_accounts": null,
            "source_tags": null,
            "target_service_accounts": null,
            "target_tags": null,
            "timeouts": null
          },
          "private": "eyJlMmJmYjczMC1lY2FhLTExZTYtOGY4OC0zNDM2M2JjN2M0YzAiOnsiY3JlYXRlIjoyNDAwMDAwMDAwMDAsImRlbGV0ZSI6MjQwMDAwMDAwMDAwLCJ1cGRhdGUiOjI0MDAwMDAwMDAwMH0sInNjaGVtYV92ZXJzaW9uIjoiMSJ9",
          "dependencies": [
            "module.gcp-vpc-shared-svcs.module.vpc.google_compute_network.network"
          ]
        }
      ]
    },
    {
      "mode": "managed",
      "type": "google_compute_network_peering",
      "name": "app-to-shared",
      "provider": "provider[\"registry.terraform.io/hashicorp/google\"]",
      "instances": [
        {
          "schema_version": 0,
          "attributes": {
            "export_custom_routes": false,
            "export_subnet_routes_with_public_ip": true,
            "id": "vpc-app/app-to-shared",
            "import_custom_routes": false,
            "import_subnet_routes_with_public_ip": false,
            "name": "app-to-shared",
            "network": "projects/p-vog23x9oea5u-0/global/networks/vpc-app",
            "peer_network": "https://www.googleapis.com/compute/v1/projects/p-vog23x9oea5u-0/global/networks/vpc-shared-svcs",
            "state": "ACTIVE",
            "state_details": "[2023-04-13T05:28:51.409-07:00]: Connected.",
            "timeouts": null
          },
          "private": "eyJlMmJmYjczMC1lY2FhLTExZTYtOGY4OC0zNDM2M2JjN2M0YzAiOnsiY3JlYXRlIjoyNDAwMDAwMDAwMDAsImRlbGV0ZSI6MjQwMDAwMDAwMDAwLCJ1cGRhdGUiOjI0MDAwMDAwMDAwMH19",
          "dependencies": [
            "module.gcp-vpc-app.module.vpc.google_compute_network.network",
            "module.gcp-vpc-app.module.vpc.google_compute_shared_vpc_host_project.shared_vpc_host",
            "module.gcp-vpc-shared-svcs.module.vpc.google_compute_network.network",
            "module.gcp-vpc-shared-svcs.module.vpc.google_compute_shared_vpc_host_project.shared_vpc_host"
          ]
        }
      ]
    },
    {
      "mode": "managed",
      "type": "google_compute_network_peering",
      "name": "shared-to-app",
      "provider": "provider[\"registry.terraform.io/hashicorp/google\"]",
      "instances": [
        {
          "schema_version": 0,
          "attributes": {
            "export_custom_routes": false,
            "export_subnet_routes_with_public_ip": true,
            "id": "vpc-shared-svcs/shared-to-app",
            "import_custom_routes": false,
            "import_subnet_routes_with_public_ip": false,
            "name": "shared-to-app",
            "network": "projects/p-vog23x9oea5u-0/global/networks/vpc-shared-svcs",
            "peer_network": "https://www.googleapis.com/compute/v1/projects/p-vog23x9oea5u-0/global/networks/vpc-app",
            "state": "INACTIVE",
            "state_details": "[2023-04-13T05:28:47.860-07:00]: Waiting for peer network to connect.",
            "timeouts": null
          },
          "private": "eyJlMmJmYjczMC1lY2FhLTExZTYtOGY4OC0zNDM2M2JjN2M0YzAiOnsiY3JlYXRlIjoyNDAwMDAwMDAwMDAsImRlbGV0ZSI6MjQwMDAwMDAwMDAwLCJ1cGRhdGUiOjI0MDAwMDAwMDAwMH19",
          "dependencies": [
            "module.gcp-vpc-app.module.vpc.google_compute_network.network",
            "module.gcp-vpc-app.module.vpc.google_compute_shared_vpc_host_project.shared_vpc_host",
            "module.gcp-vpc-shared-svcs.module.vpc.google_compute_network.network",
            "module.gcp-vpc-shared-svcs.module.vpc.google_compute_shared_vpc_host_project.shared_vpc_host"
          ]
        }
      ]
    },
    {
      "mode": "managed",
      "type": "random_string",
      "name": "env",
      "provider": "provider[\"registry.terraform.io/hashicorp/random\"]",
      "instances": [
        {
          "schema_version": 2,
          "attributes": {
            "id": "vfej",
            "keepers": null,
            "length": 4,
            "lower": true,
            "min_lower": 0,
            "min_numeric": 0,
            "min_special": 0,
            "min_upper": 0,
            "number": false,
            "numeric": false,
            "override_special": null,
            "result": "vfej",
            "special": false,
            "upper": false
          }
        }
      ]
    },
    {
      "module": "module.aws-vpc-app",
      "mode": "managed",
      "type": "aws_eip",
      "name": "nat",
      "provider": "provider[\"registry.terraform.io/hashicorp/aws\"]",
      "instances": [
        {
          "index_key": 0,
          "schema_version": 0,
          "attributes": {
            "address": null,
            "allocation_id": "eipalloc-083d0f6464aa65f31",
            "associate_with_private_ip": null,
            "association_id": "",
            "carrier_ip": "",
            "customer_owned_ip": "",
            "customer_owned_ipv4_pool": "",
            "domain": "vpc",
            "id": "eipalloc-083d0f6464aa65f31",
            "instance": "",
            "network_border_group": "us-east-1",
            "network_interface": "",
            "private_dns": null,
            "private_ip": "",
            "public_dns": "ec2-52-4-3-233.compute-1.amazonaws.com",
            "public_ip": "52.4.3.233",
            "public_ipv4_pool": "amazon",
            "tags": {
              "Name": "terraform-vpc-app-us-east-1a"
            },
            "tags_all": {
              "Name": "terraform-vpc-app-us-east-1a"
            },
            "timeouts": null,
            "vpc": true
          },
          "private": "eyJlMmJmYjczMC1lY2FhLTExZTYtOGY4OC0zNDM2M2JjN2M0YzAiOnsiZGVsZXRlIjoxODAwMDAwMDAwMDAsInJlYWQiOjkwMDAwMDAwMDAwMCwidXBkYXRlIjozMDAwMDAwMDAwMDB9fQ=="
        }
      ]
    },
    {
      "module": "module.aws-vpc-app",
      "mode": "managed",
      "type": "aws_internet_gateway",
      "name": "this",
      "provider": "provider[\"registry.terraform.io/hashicorp/aws\"]",
      "instances": [
        {
          "index_key": 0,
          "schema_version": 0,
          "attributes": {
            "arn": "arn:aws:ec2:us-east-1:332258952501:internet-gateway/igw-0503502e3132d0a72",
            "id": "igw-0503502e3132d0a72",
            "owner_id": "332258952501",
            "tags": {
              "Name": "terraform-vpc-app"
            },
            "tags_all": {
              "Name": "terraform-vpc-app"
            },
            "vpc_id": "vpc-0da048706608ba401"
          },
          "private": "bnVsbA==",
          "dependencies": [
            "module.aws-vpc-app.aws_vpc.this",
            "module.aws-vpc-app.aws_vpc_ipv4_cidr_block_association.this"
          ]
        }
      ]
    },
    {
      "module": "module.aws-vpc-app",
      "mode": "managed",
      "type": "aws_nat_gateway",
      "name": "this",
      "provider": "provider[\"registry.terraform.io/hashicorp/aws\"]",
      "instances": [
        {
          "index_key": 0,
          "schema_version": 0,
          "attributes": {
            "allocation_id": "eipalloc-083d0f6464aa65f31",
            "connectivity_type": "public",
            "id": "nat-0aad773cd7c5fa44c",
            "network_interface_id": "eni-0d43da8032979256d",
            "private_ip": "10.2.3.166",
            "public_ip": "52.4.3.233",
            "subnet_id": "subnet-08c7f9c084499d8fc",
            "tags": {
              "Name": "terraform-vpc-app-us-east-1a"
            },
            "tags_all": {
              "Name": "terraform-vpc-app-us-east-1a"
            }
          },
          "private": "bnVsbA==",
          "dependencies": [
            "module.aws-vpc-app.aws_eip.nat",
            "module.aws-vpc-app.aws_internet_gateway.this",
            "module.aws-vpc-app.aws_subnet.public",
            "module.aws-vpc-app.aws_vpc.this",
            "module.aws-vpc-app.aws_vpc_ipv4_cidr_block_association.this"
          ]
        }
      ]
    },
    {
      "module": "module.aws-vpc-app",
      "mode": "managed",
      "type": "aws_route",
      "name": "private_nat_gateway",
      "provider": "provider[\"registry.terraform.io/hashicorp/aws\"]",
      "instances": [
        {
          "index_key": 0,
          "schema_version": 0,
          "attributes": {
            "carrier_gateway_id": "",
            "destination_cidr_block": "0.0.0.0/0",
            "destination_ipv6_cidr_block": "",
            "destination_prefix_list_id": "",
            "egress_only_gateway_id": "",
            "gateway_id": "",
            "id": "r-rtb-0b6a083c4cb72fbec1080289494",
            "instance_id": "",
            "instance_owner_id": "",
            "local_gateway_id": "",
            "nat_gateway_id": "nat-0aad773cd7c5fa44c",
            "network_interface_id": "",
            "origin": "CreateRoute",
            "route_table_id": "rtb-0b6a083c4cb72fbec",
            "state": "active",
            "timeouts": {
              "create": "5m",
              "delete": null,
              "update": null
            },
            "transit_gateway_id": "",
            "vpc_endpoint_id": "",
            "vpc_peering_connection_id": ""
          },
          "private": "eyJlMmJmYjczMC1lY2FhLTExZTYtOGY4OC0zNDM2M2JjN2M0YzAiOnsiY3JlYXRlIjozMDAwMDAwMDAwMDAsImRlbGV0ZSI6MzAwMDAwMDAwMDAwLCJ1cGRhdGUiOjEyMDAwMDAwMDAwMH19",
          "dependencies": [
            "module.aws-vpc-app.aws_eip.nat",
            "module.aws-vpc-app.aws_internet_gateway.this",
            "module.aws-vpc-app.aws_nat_gateway.this",
            "module.aws-vpc-app.aws_route_table.private",
            "module.aws-vpc-app.aws_subnet.public",
            "module.aws-vpc-app.aws_vpc.this",
            "module.aws-vpc-app.aws_vpc_ipv4_cidr_block_association.this"
          ]
        }
      ]
    },
    {
      "module": "module.aws-vpc-app",
      "mode": "managed",
      "type": "aws_route",
      "name": "public_internet_gateway",
      "provider": "provider[\"registry.terraform.io/hashicorp/aws\"]",
      "instances": [
        {
          "index_key": 0,
          "schema_version": 0,
          "attributes": {
            "carrier_gateway_id": "",
            "destination_cidr_block": "0.0.0.0/0",
            "destination_ipv6_cidr_block": "",
            "destination_prefix_list_id": "",
            "egress_only_gateway_id": "",
            "gateway_id": "igw-0503502e3132d0a72",
            "id": "r-rtb-048129ee1ef7a506a1080289494",
            "instance_id": "",
            "instance_owner_id": "",
            "local_gateway_id": "",
            "nat_gateway_id": "",
            "network_interface_id": "",
            "origin": "CreateRoute",
            "route_table_id": "rtb-048129ee1ef7a506a",
            "state": "active",
            "timeouts": {
              "create": "5m",
              "delete": null,
              "update": null
            },
            "transit_gateway_id": "",
            "vpc_endpoint_id": "",
            "vpc_peering_connection_id": ""
          },
          "private": "eyJlMmJmYjczMC1lY2FhLTExZTYtOGY4OC0zNDM2M2JjN2M0YzAiOnsiY3JlYXRlIjozMDAwMDAwMDAwMDAsImRlbGV0ZSI6MzAwMDAwMDAwMDAwLCJ1cGRhdGUiOjEyMDAwMDAwMDAwMH19",
          "dependencies": [
            "module.aws-vpc-app.aws_internet_gateway.this",
            "module.aws-vpc-app.aws_route_table.public",
            "module.aws-vpc-app.aws_vpc.this",
            "module.aws-vpc-app.aws_vpc_ipv4_cidr_block_association.this"
          ]
        }
      ]
    },
    {
      "module": "module.aws-vpc-app",
      "mode": "managed",
      "type": "aws_route_table",
      "name": "private",
      "provider": "provider[\"registry.terraform.io/hashicorp/aws\"]",
      "instances": [
        {
          "index_key": 0,
          "schema_version": 0,
          "attributes": {
            "arn": "arn:aws:ec2:us-east-1:332258952501:route-table/rtb-0b6a083c4cb72fbec",
            "id": "rtb-0b6a083c4cb72fbec",
            "owner_id": "332258952501",
            "propagating_vgws": [],
            "route": [],
            "tags": {
              "Name": "terraform-vpc-app-private"
            },
            "tags_all": {
              "Name": "terraform-vpc-app-private"
            },
            "timeouts": null,
            "vpc_id": "vpc-0da048706608ba401"
          },
          "private": "eyJlMmJmYjczMC1lY2FhLTExZTYtOGY4OC0zNDM2M2JjN2M0YzAiOnsiY3JlYXRlIjozMDAwMDAwMDAwMDAsImRlbGV0ZSI6MzAwMDAwMDAwMDAwLCJ1cGRhdGUiOjEyMDAwMDAwMDAwMH19",
          "dependencies": [
            "module.aws-vpc-app.aws_vpc.this",
            "module.aws-vpc-app.aws_vpc_ipv4_cidr_block_association.this"
          ]
        }
      ]
    },
    {
      "module": "module.aws-vpc-app",
      "mode": "managed",
      "type": "aws_route_table",
      "name": "public",
      "provider": "provider[\"registry.terraform.io/hashicorp/aws\"]",
      "instances": [
        {
          "index_key": 0,
          "schema_version": 0,
          "attributes": {
            "arn": "arn:aws:ec2:us-east-1:332258952501:route-table/rtb-048129ee1ef7a506a",
            "id": "rtb-048129ee1ef7a506a",
            "owner_id": "332258952501",
            "propagating_vgws": [],
            "route": [],
            "tags": {
              "Name": "terraform-vpc-app-public"
            },
            "tags_all": {
              "Name": "terraform-vpc-app-public"
            },
            "timeouts": null,
            "vpc_id": "vpc-0da048706608ba401"
          },
          "private": "eyJlMmJmYjczMC1lY2FhLTExZTYtOGY4OC0zNDM2M2JjN2M0YzAiOnsiY3JlYXRlIjozMDAwMDAwMDAwMDAsImRlbGV0ZSI6MzAwMDAwMDAwMDAwLCJ1cGRhdGUiOjEyMDAwMDAwMDAwMH19",
          "dependencies": [
            "module.aws-vpc-app.aws_vpc.this",
            "module.aws-vpc-app.aws_vpc_ipv4_cidr_block_association.this"
          ]
        }
      ]
    },
    {
      "module": "module.aws-vpc-app",
      "mode": "managed",
      "type": "aws_route_table_association",
      "name": "private",
      "provider": "provider[\"registry.terraform.io/hashicorp/aws\"]",
      "instances": [
        {
          "index_key": 0,
          "schema_version": 0,
          "attributes": {
            "gateway_id": "",
            "id": "rtbassoc-0bad624a9d7e79fdb",
            "route_table_id": "rtb-0b6a083c4cb72fbec",
            "subnet_id": "subnet-0a50e657a21991155"
          },
          "private": "bnVsbA==",
          "dependencies": [
            "module.aws-vpc-app.aws_route_table.private",
            "module.aws-vpc-app.aws_subnet.private",
            "module.aws-vpc-app.aws_vpc.this",
            "module.aws-vpc-app.aws_vpc_ipv4_cidr_block_association.this"
          ]
        },
        {
          "index_key": 1,
          "schema_version": 0,
          "attributes": {
            "gateway_id": "",
            "id": "rtbassoc-05e09b2bbd56b2461",
            "route_table_id": "rtb-0b6a083c4cb72fbec",
            "subnet_id": "subnet-0d2733d12e151ddfe"
          },
          "private": "bnVsbA==",
          "dependencies": [
            "module.aws-vpc-app.aws_route_table.private",
            "module.aws-vpc-app.aws_subnet.private",
            "module.aws-vpc-app.aws_vpc.this",
            "module.aws-vpc-app.aws_vpc_ipv4_cidr_block_association.this"
          ]
        },
        {
          "index_key": 2,
          "schema_version": 0,
          "attributes": {
            "gateway_id": "",
            "id": "rtbassoc-0acfc6c8ee9aa8689",
            "route_table_id": "rtb-0b6a083c4cb72fbec",
            "subnet_id": "subnet-09d1d00dcb8509258"
          },
          "private": "bnVsbA==",
          "dependencies": [
            "module.aws-vpc-app.aws_route_table.private",
            "module.aws-vpc-app.aws_subnet.private",
            "module.aws-vpc-app.aws_vpc.this",
            "module.aws-vpc-app.aws_vpc_ipv4_cidr_block_association.this"
          ]
        }
      ]
    },
    {
      "module": "module.aws-vpc-app",
      "mode": "managed",
      "type": "aws_route_table_association",
      "name": "public",
      "provider": "provider[\"registry.terraform.io/hashicorp/aws\"]",
      "instances": [
        {
          "index_key": 0,
          "schema_version": 0,
          "attributes": {
            "gateway_id": "",
            "id": "rtbassoc-0c80a0040f19ef5bf",
            "route_table_id": "rtb-048129ee1ef7a506a",
            "subnet_id": "subnet-08c7f9c084499d8fc"
          },
          "private": "bnVsbA==",
          "dependencies": [
            "module.aws-vpc-app.aws_route_table.public",
            "module.aws-vpc-app.aws_subnet.public",
            "module.aws-vpc-app.aws_vpc.this",
            "module.aws-vpc-app.aws_vpc_ipv4_cidr_block_association.this"
          ]
        },
        {
          "index_key": 1,
          "schema_version": 0,
          "attributes": {
            "gateway_id": "",
            "id": "rtbassoc-06c986300030773c1",
            "route_table_id": "rtb-048129ee1ef7a506a",
            "subnet_id": "subnet-0148423971533fc3d"
          },
          "private": "bnVsbA==",
          "dependencies": [
            "module.aws-vpc-app.aws_route_table.public",
            "module.aws-vpc-app.aws_subnet.public",
            "module.aws-vpc-app.aws_vpc.this",
            "module.aws-vpc-app.aws_vpc_ipv4_cidr_block_association.this"
          ]
        },
        {
          "index_key": 2,
          "schema_version": 0,
          "attributes": {
            "gateway_id": "",
            "id": "rtbassoc-03da17e17e2a76f93",
            "route_table_id": "rtb-048129ee1ef7a506a",
            "subnet_id": "subnet-0fb1e6c606bbbafd2"
          },
          "private": "bnVsbA==",
          "dependencies": [
            "module.aws-vpc-app.aws_route_table.public",
            "module.aws-vpc-app.aws_subnet.public",
            "module.aws-vpc-app.aws_vpc.this",
            "module.aws-vpc-app.aws_vpc_ipv4_cidr_block_association.this"
          ]
        }
      ]
    },
    {
      "module": "module.aws-vpc-app",
      "mode": "managed",
      "type": "aws_subnet",
      "name": "private",
      "provider": "provider[\"registry.terraform.io/hashicorp/aws\"]",
      "instances": [
        {
          "index_key": 0,
          "schema_version": 1,
          "attributes": {
            "arn": "arn:aws:ec2:us-east-1:332258952501:subnet/subnet-0a50e657a21991155",
            "assign_ipv6_address_on_creation": false,
            "availability_zone": "us-east-1a",
            "availability_zone_id": "use1-az4",
            "cidr_block": "10.2.0.0/24",
            "customer_owned_ipv4_pool": "",
            "enable_dns64": false,
            "enable_resource_name_dns_a_record_on_launch": false,
            "enable_resource_name_dns_aaaa_record_on_launch": false,
            "id": "subnet-0a50e657a21991155",
            "ipv6_cidr_block": "",
            "ipv6_cidr_block_association_id": "",
            "ipv6_native": false,
            "map_customer_owned_ip_on_launch": false,
            "map_public_ip_on_launch": false,
            "outpost_arn": "",
            "owner_id": "332258952501",
            "private_dns_hostname_type_on_launch": "ip-name",
            "tags": {
              "Name": "terraform-vpc-app-private-us-east-1a",
              "Tier": "private"
            },
            "tags_all": {
              "Name": "terraform-vpc-app-private-us-east-1a",
              "Tier": "private"
            },
            "timeouts": null,
            "vpc_id": "vpc-0da048706608ba401"
          },
          "private": "eyJlMmJmYjczMC1lY2FhLTExZTYtOGY4OC0zNDM2M2JjN2M0YzAiOnsiY3JlYXRlIjo2MDAwMDAwMDAwMDAsImRlbGV0ZSI6MTIwMDAwMDAwMDAwMH0sInNjaGVtYV92ZXJzaW9uIjoiMSJ9",
          "dependencies": [
            "module.aws-vpc-app.aws_vpc.this",
            "module.aws-vpc-app.aws_vpc_ipv4_cidr_block_association.this"
          ]
        },
        {
          "index_key": 1,
          "schema_version": 1,
          "attributes": {
            "arn": "arn:aws:ec2:us-east-1:332258952501:subnet/subnet-0d2733d12e151ddfe",
            "assign_ipv6_address_on_creation": false,
            "availability_zone": "us-east-1b",
            "availability_zone_id": "use1-az6",
            "cidr_block": "10.2.1.0/24",
            "customer_owned_ipv4_pool": "",
            "enable_dns64": false,
            "enable_resource_name_dns_a_record_on_launch": false,
            "enable_resource_name_dns_aaaa_record_on_launch": false,
            "id": "subnet-0d2733d12e151ddfe",
            "ipv6_cidr_block": "",
            "ipv6_cidr_block_association_id": "",
            "ipv6_native": false,
            "map_customer_owned_ip_on_launch": false,
            "map_public_ip_on_launch": false,
            "outpost_arn": "",
            "owner_id": "332258952501",
            "private_dns_hostname_type_on_launch": "ip-name",
            "tags": {
              "Name": "terraform-vpc-app-private-us-east-1b",
              "Tier": "private"
            },
            "tags_all": {
              "Name": "terraform-vpc-app-private-us-east-1b",
              "Tier": "private"
            },
            "timeouts": null,
            "vpc_id": "vpc-0da048706608ba401"
          },
          "private": "eyJlMmJmYjczMC1lY2FhLTExZTYtOGY4OC0zNDM2M2JjN2M0YzAiOnsiY3JlYXRlIjo2MDAwMDAwMDAwMDAsImRlbGV0ZSI6MTIwMDAwMDAwMDAwMH0sInNjaGVtYV92ZXJzaW9uIjoiMSJ9",
          "dependencies": [
            "module.aws-vpc-app.aws_vpc.this",
            "module.aws-vpc-app.aws_vpc_ipv4_cidr_block_association.this"
          ]
        },
        {
          "index_key": 2,
          "schema_version": 1,
          "attributes": {
            "arn": "arn:aws:ec2:us-east-1:332258952501:subnet/subnet-09d1d00dcb8509258",
            "assign_ipv6_address_on_creation": false,
            "availability_zone": "us-east-1c",
            "availability_zone_id": "use1-az1",
            "cidr_block": "10.2.2.0/24",
            "customer_owned_ipv4_pool": "",
            "enable_dns64": false,
            "enable_resource_name_dns_a_record_on_launch": false,
            "enable_resource_name_dns_aaaa_record_on_launch": false,
            "id": "subnet-09d1d00dcb8509258",
            "ipv6_cidr_block": "",
            "ipv6_cidr_block_association_id": "",
            "ipv6_native": false,
            "map_customer_owned_ip_on_launch": false,
            "map_public_ip_on_launch": false,
            "outpost_arn": "",
            "owner_id": "332258952501",
            "private_dns_hostname_type_on_launch": "ip-name",
            "tags": {
              "Name": "terraform-vpc-app-private-us-east-1c",
              "Tier": "private"
            },
            "tags_all": {
              "Name": "terraform-vpc-app-private-us-east-1c",
              "Tier": "private"
            },
            "timeouts": null,
            "vpc_id": "vpc-0da048706608ba401"
          },
          "private": "eyJlMmJmYjczMC1lY2FhLTExZTYtOGY4OC0zNDM2M2JjN2M0YzAiOnsiY3JlYXRlIjo2MDAwMDAwMDAwMDAsImRlbGV0ZSI6MTIwMDAwMDAwMDAwMH0sInNjaGVtYV92ZXJzaW9uIjoiMSJ9",
          "dependencies": [
            "module.aws-vpc-app.aws_vpc.this",
            "module.aws-vpc-app.aws_vpc_ipv4_cidr_block_association.this"
          ]
        }
      ]
    },
    {
      "module": "module.aws-vpc-app",
      "mode": "managed",
      "type": "aws_subnet",
      "name": "public",
      "provider": "provider[\"registry.terraform.io/hashicorp/aws\"]",
      "instances": [
        {
          "index_key": 0,
          "schema_version": 1,
          "attributes": {
            "arn": "arn:aws:ec2:us-east-1:332258952501:subnet/subnet-08c7f9c084499d8fc",
            "assign_ipv6_address_on_creation": false,
            "availability_zone": "us-east-1a",
            "availability_zone_id": "use1-az4",
            "cidr_block": "10.2.3.0/24",
            "customer_owned_ipv4_pool": "",
            "enable_dns64": false,
            "enable_resource_name_dns_a_record_on_launch": false,
            "enable_resource_name_dns_aaaa_record_on_launch": false,
            "id": "subnet-08c7f9c084499d8fc",
            "ipv6_cidr_block": "",
            "ipv6_cidr_block_association_id": "",
            "ipv6_native": false,
            "map_customer_owned_ip_on_launch": false,
            "map_public_ip_on_launch": true,
            "outpost_arn": "",
            "owner_id": "332258952501",
            "private_dns_hostname_type_on_launch": "ip-name",
            "tags": {
              "Name": "terraform-vpc-app-public-us-east-1a",
              "Tier": "public",
              "kubernetes.io/cluster/app": "shared",
              "kubernetes.io/role/elb": "1"
            },
            "tags_all": {
              "Name": "terraform-vpc-app-public-us-east-1a",
              "Tier": "public",
              "kubernetes.io/cluster/app": "shared",
              "kubernetes.io/role/elb": "1"
            },
            "timeouts": null,
            "vpc_id": "vpc-0da048706608ba401"
          },
          "private": "eyJlMmJmYjczMC1lY2FhLTExZTYtOGY4OC0zNDM2M2JjN2M0YzAiOnsiY3JlYXRlIjo2MDAwMDAwMDAwMDAsImRlbGV0ZSI6MTIwMDAwMDAwMDAwMH0sInNjaGVtYV92ZXJzaW9uIjoiMSJ9",
          "dependencies": [
            "module.aws-vpc-app.aws_vpc.this",
            "module.aws-vpc-app.aws_vpc_ipv4_cidr_block_association.this"
          ]
        },
        {
          "index_key": 1,
          "schema_version": 1,
          "attributes": {
            "arn": "arn:aws:ec2:us-east-1:332258952501:subnet/subnet-0148423971533fc3d",
            "assign_ipv6_address_on_creation": false,
            "availability_zone": "us-east-1b",
            "availability_zone_id": "use1-az6",
            "cidr_block": "10.2.4.0/24",
            "customer_owned_ipv4_pool": "",
            "enable_dns64": false,
            "enable_resource_name_dns_a_record_on_launch": false,
            "enable_resource_name_dns_aaaa_record_on_launch": false,
            "id": "subnet-0148423971533fc3d",
            "ipv6_cidr_block": "",
            "ipv6_cidr_block_association_id": "",
            "ipv6_native": false,
            "map_customer_owned_ip_on_launch": false,
            "map_public_ip_on_launch": true,
            "outpost_arn": "",
            "owner_id": "332258952501",
            "private_dns_hostname_type_on_launch": "ip-name",
            "tags": {
              "Name": "terraform-vpc-app-public-us-east-1b",
              "Tier": "public",
              "kubernetes.io/cluster/app": "shared",
              "kubernetes.io/role/elb": "1"
            },
            "tags_all": {
              "Name": "terraform-vpc-app-public-us-east-1b",
              "Tier": "public",
              "kubernetes.io/cluster/app": "shared",
              "kubernetes.io/role/elb": "1"
            },
            "timeouts": null,
            "vpc_id": "vpc-0da048706608ba401"
          },
          "private": "eyJlMmJmYjczMC1lY2FhLTExZTYtOGY4OC0zNDM2M2JjN2M0YzAiOnsiY3JlYXRlIjo2MDAwMDAwMDAwMDAsImRlbGV0ZSI6MTIwMDAwMDAwMDAwMH0sInNjaGVtYV92ZXJzaW9uIjoiMSJ9",
          "dependencies": [
            "module.aws-vpc-app.aws_vpc.this",
            "module.aws-vpc-app.aws_vpc_ipv4_cidr_block_association.this"
          ]
        },
        {
          "index_key": 2,
          "schema_version": 1,
          "attributes": {
            "arn": "arn:aws:ec2:us-east-1:332258952501:subnet/subnet-0fb1e6c606bbbafd2",
            "assign_ipv6_address_on_creation": false,
            "availability_zone": "us-east-1c",
            "availability_zone_id": "use1-az1",
            "cidr_block": "10.2.5.0/24",
            "customer_owned_ipv4_pool": "",
            "enable_dns64": false,
            "enable_resource_name_dns_a_record_on_launch": false,
            "enable_resource_name_dns_aaaa_record_on_launch": false,
            "id": "subnet-0fb1e6c606bbbafd2",
            "ipv6_cidr_block": "",
            "ipv6_cidr_block_association_id": "",
            "ipv6_native": false,
            "map_customer_owned_ip_on_launch": false,
            "map_public_ip_on_launch": true,
            "outpost_arn": "",
            "owner_id": "332258952501",
            "private_dns_hostname_type_on_launch": "ip-name",
            "tags": {
              "Name": "terraform-vpc-app-public-us-east-1c",
              "Tier": "public",
              "kubernetes.io/cluster/app": "shared",
              "kubernetes.io/role/elb": "1"
            },
            "tags_all": {
              "Name": "terraform-vpc-app-public-us-east-1c",
              "Tier": "public",
              "kubernetes.io/cluster/app": "shared",
              "kubernetes.io/role/elb": "1"
            },
            "timeouts": null,
            "vpc_id": "vpc-0da048706608ba401"
          },
          "private": "eyJlMmJmYjczMC1lY2FhLTExZTYtOGY4OC0zNDM2M2JjN2M0YzAiOnsiY3JlYXRlIjo2MDAwMDAwMDAwMDAsImRlbGV0ZSI6MTIwMDAwMDAwMDAwMH0sInNjaGVtYV92ZXJzaW9uIjoiMSJ9",
          "dependencies": [
            "module.aws-vpc-app.aws_vpc.this",
            "module.aws-vpc-app.aws_vpc_ipv4_cidr_block_association.this"
          ]
        }
      ]
    },
    {
      "module": "module.aws-vpc-app",
      "mode": "managed",
      "type": "aws_vpc",
      "name": "this",
      "provider": "provider[\"registry.terraform.io/hashicorp/aws\"]",
      "instances": [
        {
          "index_key": 0,
          "schema_version": 1,
          "attributes": {
            "arn": "arn:aws:ec2:us-east-1:332258952501:vpc/vpc-0da048706608ba401",
            "assign_generated_ipv6_cidr_block": false,
            "cidr_block": "10.2.0.0/16",
            "default_network_acl_id": "acl-01d258fd67bc3387d",
            "default_route_table_id": "rtb-084130f02ab9ebe63",
            "default_security_group_id": "sg-076ccbfa71e150cae",
            "dhcp_options_id": "dopt-09354bd38766b4bc0",
            "enable_classiclink": false,
            "enable_classiclink_dns_support": false,
            "enable_dns_hostnames": true,
            "enable_dns_support": true,
            "id": "vpc-0da048706608ba401",
            "instance_tenancy": "default",
            "ipv4_ipam_pool_id": null,
            "ipv4_netmask_length": null,
            "ipv6_association_id": "",
            "ipv6_cidr_block": "",
            "ipv6_cidr_block_network_border_group": "",
            "ipv6_ipam_pool_id": "",
            "ipv6_netmask_length": 0,
            "main_route_table_id": "rtb-084130f02ab9ebe63",
            "owner_id": "332258952501",
            "tags": {
              "Name": "terraform-vpc-app",
              "kubernetes.io/cluster/app": "shared"
            },
            "tags_all": {
              "Name": "terraform-vpc-app",
              "kubernetes.io/cluster/app": "shared"
            }
          },
          "private": "eyJzY2hlbWFfdmVyc2lvbiI6IjEifQ=="
        }
      ]
    },
    {
      "module": "module.aws-vpc-shared-svcs",
      "mode": "managed",
      "type": "aws_eip",
      "name": "nat",
      "provider": "provider[\"registry.terraform.io/hashicorp/aws\"]",
      "instances": [
        {
          "index_key": 0,
          "schema_version": 0,
          "attributes": {
            "address": null,
            "allocation_id": "eipalloc-02c9b996341e7e80d",
            "associate_with_private_ip": null,
            "association_id": "",
            "carrier_ip": "",
            "customer_owned_ip": "",
            "customer_owned_ipv4_pool": "",
            "domain": "vpc",
            "id": "eipalloc-02c9b996341e7e80d",
            "instance": "",
            "network_border_group": "us-east-1",
            "network_interface": "",
            "private_dns": null,
            "private_ip": "",
            "public_dns": "ec2-52-44-152-146.compute-1.amazonaws.com",
            "public_ip": "52.44.152.146",
            "public_ipv4_pool": "amazon",
            "tags": {
              "Name": "terraform-vpc-shared-svcs-us-east-1a"
            },
            "tags_all": {
              "Name": "terraform-vpc-shared-svcs-us-east-1a"
            },
            "timeouts": null,
            "vpc": true
          },
          "private": "eyJlMmJmYjczMC1lY2FhLTExZTYtOGY4OC0zNDM2M2JjN2M0YzAiOnsiZGVsZXRlIjoxODAwMDAwMDAwMDAsInJlYWQiOjkwMDAwMDAwMDAwMCwidXBkYXRlIjozMDAwMDAwMDAwMDB9fQ=="
        }
      ]
    },
    {
      "module": "module.aws-vpc-shared-svcs",
      "mode": "managed",
      "type": "aws_internet_gateway",
      "name": "this",
      "provider": "provider[\"registry.terraform.io/hashicorp/aws\"]",
      "instances": [
        {
          "index_key": 0,
          "schema_version": 0,
          "attributes": {
            "arn": "arn:aws:ec2:us-east-1:332258952501:internet-gateway/igw-095b28ec1fc3afa69",
            "id": "igw-095b28ec1fc3afa69",
            "owner_id": "332258952501",
            "tags": {
              "Name": "terraform-vpc-shared-svcs"
            },
            "tags_all": {
              "Name": "terraform-vpc-shared-svcs"
            },
            "vpc_id": "vpc-09d729a27d42ad613"
          },
          "private": "bnVsbA==",
          "dependencies": [
            "module.aws-vpc-shared-svcs.aws_vpc.this",
            "module.aws-vpc-shared-svcs.aws_vpc_ipv4_cidr_block_association.this"
          ]
        }
      ]
    },
    {
      "module": "module.aws-vpc-shared-svcs",
      "mode": "managed",
      "type": "aws_nat_gateway",
      "name": "this",
      "provider": "provider[\"registry.terraform.io/hashicorp/aws\"]",
      "instances": [
        {
          "index_key": 0,
          "schema_version": 0,
          "attributes": {
            "allocation_id": "eipalloc-02c9b996341e7e80d",
            "connectivity_type": "public",
            "id": "nat-02689f9590d985ce0",
            "network_interface_id": "eni-0845bace8f27f92b8",
            "private_ip": "10.1.3.188",
            "public_ip": "52.44.152.146",
            "subnet_id": "subnet-00e0abdeeb6e3dfc1",
            "tags": {
              "Name": "terraform-vpc-shared-svcs-us-east-1a"
            },
            "tags_all": {
              "Name": "terraform-vpc-shared-svcs-us-east-1a"
            }
          },
          "private": "bnVsbA==",
          "dependencies": [
            "module.aws-vpc-shared-svcs.aws_eip.nat",
            "module.aws-vpc-shared-svcs.aws_internet_gateway.this",
            "module.aws-vpc-shared-svcs.aws_subnet.public",
            "module.aws-vpc-shared-svcs.aws_vpc.this",
            "module.aws-vpc-shared-svcs.aws_vpc_ipv4_cidr_block_association.this"
          ]
        }
      ]
    },
    {
      "module": "module.aws-vpc-shared-svcs",
      "mode": "managed",
      "type": "aws_route",
      "name": "private_nat_gateway",
      "provider": "provider[\"registry.terraform.io/hashicorp/aws\"]",
      "instances": [
        {
          "index_key": 0,
          "schema_version": 0,
          "attributes": {
            "carrier_gateway_id": "",
            "destination_cidr_block": "0.0.0.0/0",
            "destination_ipv6_cidr_block": "",
            "destination_prefix_list_id": "",
            "egress_only_gateway_id": "",
            "gateway_id": "",
            "id": "r-rtb-02b7a14410d184f9b1080289494",
            "instance_id": "",
            "instance_owner_id": "",
            "local_gateway_id": "",
            "nat_gateway_id": "nat-02689f9590d985ce0",
            "network_interface_id": "",
            "origin": "CreateRoute",
            "route_table_id": "rtb-02b7a14410d184f9b",
            "state": "active",
            "timeouts": {
              "create": "5m",
              "delete": null,
              "update": null
            },
            "transit_gateway_id": "",
            "vpc_endpoint_id": "",
            "vpc_peering_connection_id": ""
          },
          "private": "eyJlMmJmYjczMC1lY2FhLTExZTYtOGY4OC0zNDM2M2JjN2M0YzAiOnsiY3JlYXRlIjozMDAwMDAwMDAwMDAsImRlbGV0ZSI6MzAwMDAwMDAwMDAwLCJ1cGRhdGUiOjEyMDAwMDAwMDAwMH19",
          "dependencies": [
            "module.aws-vpc-shared-svcs.aws_eip.nat",
            "module.aws-vpc-shared-svcs.aws_internet_gateway.this",
            "module.aws-vpc-shared-svcs.aws_nat_gateway.this",
            "module.aws-vpc-shared-svcs.aws_route_table.private",
            "module.aws-vpc-shared-svcs.aws_subnet.public",
            "module.aws-vpc-shared-svcs.aws_vpc.this",
            "module.aws-vpc-shared-svcs.aws_vpc_ipv4_cidr_block_association.this"
          ]
        }
      ]
    },
    {
      "module": "module.aws-vpc-shared-svcs",
      "mode": "managed",
      "type": "aws_route",
      "name": "public_internet_gateway",
      "provider": "provider[\"registry.terraform.io/hashicorp/aws\"]",
      "instances": [
        {
          "index_key": 0,
          "schema_version": 0,
          "attributes": {
            "carrier_gateway_id": "",
            "destination_cidr_block": "0.0.0.0/0",
            "destination_ipv6_cidr_block": "",
            "destination_prefix_list_id": "",
            "egress_only_gateway_id": "",
            "gateway_id": "igw-095b28ec1fc3afa69",
            "id": "r-rtb-0325ab7bbd2a0d1ea1080289494",
            "instance_id": "",
            "instance_owner_id": "",
            "local_gateway_id": "",
            "nat_gateway_id": "",
            "network_interface_id": "",
            "origin": "CreateRoute",
            "route_table_id": "rtb-0325ab7bbd2a0d1ea",
            "state": "active",
            "timeouts": {
              "create": "5m",
              "delete": null,
              "update": null
            },
            "transit_gateway_id": "",
            "vpc_endpoint_id": "",
            "vpc_peering_connection_id": ""
          },
          "private": "eyJlMmJmYjczMC1lY2FhLTExZTYtOGY4OC0zNDM2M2JjN2M0YzAiOnsiY3JlYXRlIjozMDAwMDAwMDAwMDAsImRlbGV0ZSI6MzAwMDAwMDAwMDAwLCJ1cGRhdGUiOjEyMDAwMDAwMDAwMH19",
          "dependencies": [
            "module.aws-vpc-shared-svcs.aws_internet_gateway.this",
            "module.aws-vpc-shared-svcs.aws_route_table.public",
            "module.aws-vpc-shared-svcs.aws_vpc.this",
            "module.aws-vpc-shared-svcs.aws_vpc_ipv4_cidr_block_association.this"
          ]
        }
      ]
    },
    {
      "module": "module.aws-vpc-shared-svcs",
      "mode": "managed",
      "type": "aws_route_table",
      "name": "private",
      "provider": "provider[\"registry.terraform.io/hashicorp/aws\"]",
      "instances": [
        {
          "index_key": 0,
          "schema_version": 0,
          "attributes": {
            "arn": "arn:aws:ec2:us-east-1:332258952501:route-table/rtb-02b7a14410d184f9b",
            "id": "rtb-02b7a14410d184f9b",
            "owner_id": "332258952501",
            "propagating_vgws": [],
            "route": [],
            "tags": {
              "Name": "terraform-vpc-shared-svcs-private"
            },
            "tags_all": {
              "Name": "terraform-vpc-shared-svcs-private"
            },
            "timeouts": null,
            "vpc_id": "vpc-09d729a27d42ad613"
          },
          "private": "eyJlMmJmYjczMC1lY2FhLTExZTYtOGY4OC0zNDM2M2JjN2M0YzAiOnsiY3JlYXRlIjozMDAwMDAwMDAwMDAsImRlbGV0ZSI6MzAwMDAwMDAwMDAwLCJ1cGRhdGUiOjEyMDAwMDAwMDAwMH19",
          "dependencies": [
            "module.aws-vpc-shared-svcs.aws_vpc.this",
            "module.aws-vpc-shared-svcs.aws_vpc_ipv4_cidr_block_association.this"
          ]
        }
      ]
    },
    {
      "module": "module.aws-vpc-shared-svcs",
      "mode": "managed",
      "type": "aws_route_table",
      "name": "public",
      "provider": "provider[\"registry.terraform.io/hashicorp/aws\"]",
      "instances": [
        {
          "index_key": 0,
          "schema_version": 0,
          "attributes": {
            "arn": "arn:aws:ec2:us-east-1:332258952501:route-table/rtb-0325ab7bbd2a0d1ea",
            "id": "rtb-0325ab7bbd2a0d1ea",
            "owner_id": "332258952501",
            "propagating_vgws": [],
            "route": [],
            "tags": {
              "Name": "terraform-vpc-shared-svcs-public"
            },
            "tags_all": {
              "Name": "terraform-vpc-shared-svcs-public"
            },
            "timeouts": null,
            "vpc_id": "vpc-09d729a27d42ad613"
          },
          "private": "eyJlMmJmYjczMC1lY2FhLTExZTYtOGY4OC0zNDM2M2JjN2M0YzAiOnsiY3JlYXRlIjozMDAwMDAwMDAwMDAsImRlbGV0ZSI6MzAwMDAwMDAwMDAwLCJ1cGRhdGUiOjEyMDAwMDAwMDAwMH19",
          "dependencies": [
            "module.aws-vpc-shared-svcs.aws_vpc.this",
            "module.aws-vpc-shared-svcs.aws_vpc_ipv4_cidr_block_association.this"
          ]
        }
      ]
    },
    {
      "module": "module.aws-vpc-shared-svcs",
      "mode": "managed",
      "type": "aws_route_table_association",
      "name": "private",
      "provider": "provider[\"registry.terraform.io/hashicorp/aws\"]",
      "instances": [
        {
          "index_key": 0,
          "schema_version": 0,
          "attributes": {
            "gateway_id": "",
            "id": "rtbassoc-076020f8e492c3d25",
            "route_table_id": "rtb-02b7a14410d184f9b",
            "subnet_id": "subnet-0f28b3e2ffeb6c850"
          },
          "private": "bnVsbA==",
          "dependencies": [
            "module.aws-vpc-shared-svcs.aws_route_table.private",
            "module.aws-vpc-shared-svcs.aws_subnet.private",
            "module.aws-vpc-shared-svcs.aws_vpc.this",
            "module.aws-vpc-shared-svcs.aws_vpc_ipv4_cidr_block_association.this"
          ]
        },
        {
          "index_key": 1,
          "schema_version": 0,
          "attributes": {
            "gateway_id": "",
            "id": "rtbassoc-0b1b7ed0ddce81132",
            "route_table_id": "rtb-02b7a14410d184f9b",
            "subnet_id": "subnet-02954e54ad1f182d6"
          },
          "private": "bnVsbA==",
          "dependencies": [
            "module.aws-vpc-shared-svcs.aws_route_table.private",
            "module.aws-vpc-shared-svcs.aws_subnet.private",
            "module.aws-vpc-shared-svcs.aws_vpc.this",
            "module.aws-vpc-shared-svcs.aws_vpc_ipv4_cidr_block_association.this"
          ]
        },
        {
          "index_key": 2,
          "schema_version": 0,
          "attributes": {
            "gateway_id": "",
            "id": "rtbassoc-0544705df6435bb00",
            "route_table_id": "rtb-02b7a14410d184f9b",
            "subnet_id": "subnet-04a046c94626becbd"
          },
          "private": "bnVsbA==",
          "dependencies": [
            "module.aws-vpc-shared-svcs.aws_route_table.private",
            "module.aws-vpc-shared-svcs.aws_subnet.private",
            "module.aws-vpc-shared-svcs.aws_vpc.this",
            "module.aws-vpc-shared-svcs.aws_vpc_ipv4_cidr_block_association.this"
          ]
        }
      ]
    },
    {
      "module": "module.aws-vpc-shared-svcs",
      "mode": "managed",
      "type": "aws_route_table_association",
      "name": "public",
      "provider": "provider[\"registry.terraform.io/hashicorp/aws\"]",
      "instances": [
        {
          "index_key": 0,
          "schema_version": 0,
          "attributes": {
            "gateway_id": "",
            "id": "rtbassoc-036269a469e127242",
            "route_table_id": "rtb-0325ab7bbd2a0d1ea",
            "subnet_id": "subnet-00e0abdeeb6e3dfc1"
          },
          "private": "bnVsbA==",
          "dependencies": [
            "module.aws-vpc-shared-svcs.aws_route_table.public",
            "module.aws-vpc-shared-svcs.aws_subnet.public",
            "module.aws-vpc-shared-svcs.aws_vpc.this",
            "module.aws-vpc-shared-svcs.aws_vpc_ipv4_cidr_block_association.this"
          ]
        },
        {
          "index_key": 1,
          "schema_version": 0,
          "attributes": {
            "gateway_id": "",
            "id": "rtbassoc-0c46ccd3a51a2605f",
            "route_table_id": "rtb-0325ab7bbd2a0d1ea",
            "subnet_id": "subnet-04d2924304f7e501c"
          },
          "private": "bnVsbA==",
          "dependencies": [
            "module.aws-vpc-shared-svcs.aws_route_table.public",
            "module.aws-vpc-shared-svcs.aws_subnet.public",
            "module.aws-vpc-shared-svcs.aws_vpc.this",
            "module.aws-vpc-shared-svcs.aws_vpc_ipv4_cidr_block_association.this"
          ]
        },
        {
          "index_key": 2,
          "schema_version": 0,
          "attributes": {
            "gateway_id": "",
            "id": "rtbassoc-02a0826486eb03f0f",
            "route_table_id": "rtb-0325ab7bbd2a0d1ea",
            "subnet_id": "subnet-0218dec6dd57ff1a8"
          },
          "private": "bnVsbA==",
          "dependencies": [
            "module.aws-vpc-shared-svcs.aws_route_table.public",
            "module.aws-vpc-shared-svcs.aws_subnet.public",
            "module.aws-vpc-shared-svcs.aws_vpc.this",
            "module.aws-vpc-shared-svcs.aws_vpc_ipv4_cidr_block_association.this"
          ]
        }
      ]
    },
    {
      "module": "module.aws-vpc-shared-svcs",
      "mode": "managed",
      "type": "aws_subnet",
      "name": "private",
      "provider": "provider[\"registry.terraform.io/hashicorp/aws\"]",
      "instances": [
        {
          "index_key": 0,
          "schema_version": 1,
          "attributes": {
            "arn": "arn:aws:ec2:us-east-1:332258952501:subnet/subnet-0f28b3e2ffeb6c850",
            "assign_ipv6_address_on_creation": false,
            "availability_zone": "us-east-1a",
            "availability_zone_id": "use1-az4",
            "cidr_block": "10.1.0.0/24",
            "customer_owned_ipv4_pool": "",
            "enable_dns64": false,
            "enable_resource_name_dns_a_record_on_launch": false,
            "enable_resource_name_dns_aaaa_record_on_launch": false,
            "id": "subnet-0f28b3e2ffeb6c850",
            "ipv6_cidr_block": "",
            "ipv6_cidr_block_association_id": "",
            "ipv6_native": false,
            "map_customer_owned_ip_on_launch": false,
            "map_public_ip_on_launch": false,
            "outpost_arn": "",
            "owner_id": "332258952501",
            "private_dns_hostname_type_on_launch": "ip-name",
            "tags": {
              "Name": "terraform-vpc-shared-svcs-private-us-east-1a",
              "Tier": "private"
            },
            "tags_all": {
              "Name": "terraform-vpc-shared-svcs-private-us-east-1a",
              "Tier": "private"
            },
            "timeouts": null,
            "vpc_id": "vpc-09d729a27d42ad613"
          },
          "private": "eyJlMmJmYjczMC1lY2FhLTExZTYtOGY4OC0zNDM2M2JjN2M0YzAiOnsiY3JlYXRlIjo2MDAwMDAwMDAwMDAsImRlbGV0ZSI6MTIwMDAwMDAwMDAwMH0sInNjaGVtYV92ZXJzaW9uIjoiMSJ9",
          "dependencies": [
            "module.aws-vpc-shared-svcs.aws_vpc.this",
            "module.aws-vpc-shared-svcs.aws_vpc_ipv4_cidr_block_association.this"
          ]
        },
        {
          "index_key": 1,
          "schema_version": 1,
          "attributes": {
            "arn": "arn:aws:ec2:us-east-1:332258952501:subnet/subnet-02954e54ad1f182d6",
            "assign_ipv6_address_on_creation": false,
            "availability_zone": "us-east-1b",
            "availability_zone_id": "use1-az6",
            "cidr_block": "10.1.1.0/24",
            "customer_owned_ipv4_pool": "",
            "enable_dns64": false,
            "enable_resource_name_dns_a_record_on_launch": false,
            "enable_resource_name_dns_aaaa_record_on_launch": false,
            "id": "subnet-02954e54ad1f182d6",
            "ipv6_cidr_block": "",
            "ipv6_cidr_block_association_id": "",
            "ipv6_native": false,
            "map_customer_owned_ip_on_launch": false,
            "map_public_ip_on_launch": false,
            "outpost_arn": "",
            "owner_id": "332258952501",
            "private_dns_hostname_type_on_launch": "ip-name",
            "tags": {
              "Name": "terraform-vpc-shared-svcs-private-us-east-1b",
              "Tier": "private"
            },
            "tags_all": {
              "Name": "terraform-vpc-shared-svcs-private-us-east-1b",
              "Tier": "private"
            },
            "timeouts": null,
            "vpc_id": "vpc-09d729a27d42ad613"
          },
          "private": "eyJlMmJmYjczMC1lY2FhLTExZTYtOGY4OC0zNDM2M2JjN2M0YzAiOnsiY3JlYXRlIjo2MDAwMDAwMDAwMDAsImRlbGV0ZSI6MTIwMDAwMDAwMDAwMH0sInNjaGVtYV92ZXJzaW9uIjoiMSJ9",
          "dependencies": [
            "module.aws-vpc-shared-svcs.aws_vpc.this",
            "module.aws-vpc-shared-svcs.aws_vpc_ipv4_cidr_block_association.this"
          ]
        },
        {
          "index_key": 2,
          "schema_version": 1,
          "attributes": {
            "arn": "arn:aws:ec2:us-east-1:332258952501:subnet/subnet-04a046c94626becbd",
            "assign_ipv6_address_on_creation": false,
            "availability_zone": "us-east-1c",
            "availability_zone_id": "use1-az1",
            "cidr_block": "10.1.2.0/24",
            "customer_owned_ipv4_pool": "",
            "enable_dns64": false,
            "enable_resource_name_dns_a_record_on_launch": false,
            "enable_resource_name_dns_aaaa_record_on_launch": false,
            "id": "subnet-04a046c94626becbd",
            "ipv6_cidr_block": "",
            "ipv6_cidr_block_association_id": "",
            "ipv6_native": false,
            "map_customer_owned_ip_on_launch": false,
            "map_public_ip_on_launch": false,
            "outpost_arn": "",
            "owner_id": "332258952501",
            "private_dns_hostname_type_on_launch": "ip-name",
            "tags": {
              "Name": "terraform-vpc-shared-svcs-private-us-east-1c",
              "Tier": "private"
            },
            "tags_all": {
              "Name": "terraform-vpc-shared-svcs-private-us-east-1c",
              "Tier": "private"
            },
            "timeouts": null,
            "vpc_id": "vpc-09d729a27d42ad613"
          },
          "private": "eyJlMmJmYjczMC1lY2FhLTExZTYtOGY4OC0zNDM2M2JjN2M0YzAiOnsiY3JlYXRlIjo2MDAwMDAwMDAwMDAsImRlbGV0ZSI6MTIwMDAwMDAwMDAwMH0sInNjaGVtYV92ZXJzaW9uIjoiMSJ9",
          "dependencies": [
            "module.aws-vpc-shared-svcs.aws_vpc.this",
            "module.aws-vpc-shared-svcs.aws_vpc_ipv4_cidr_block_association.this"
          ]
        }
      ]
    },
    {
      "module": "module.aws-vpc-shared-svcs",
      "mode": "managed",
      "type": "aws_subnet",
      "name": "public",
      "provider": "provider[\"registry.terraform.io/hashicorp/aws\"]",
      "instances": [
        {
          "index_key": 0,
          "schema_version": 1,
          "attributes": {
            "arn": "arn:aws:ec2:us-east-1:332258952501:subnet/subnet-00e0abdeeb6e3dfc1",
            "assign_ipv6_address_on_creation": false,
            "availability_zone": "us-east-1a",
            "availability_zone_id": "use1-az4",
            "cidr_block": "10.1.3.0/24",
            "customer_owned_ipv4_pool": "",
            "enable_dns64": false,
            "enable_resource_name_dns_a_record_on_launch": false,
            "enable_resource_name_dns_aaaa_record_on_launch": false,
            "id": "subnet-00e0abdeeb6e3dfc1",
            "ipv6_cidr_block": "",
            "ipv6_cidr_block_association_id": "",
            "ipv6_native": false,
            "map_customer_owned_ip_on_launch": false,
            "map_public_ip_on_launch": true,
            "outpost_arn": "",
            "owner_id": "332258952501",
            "private_dns_hostname_type_on_launch": "ip-name",
            "tags": {
              "Name": "terraform-vpc-shared-svcs-public-us-east-1a",
              "Tier": "public"
            },
            "tags_all": {
              "Name": "terraform-vpc-shared-svcs-public-us-east-1a",
              "Tier": "public"
            },
            "timeouts": null,
            "vpc_id": "vpc-09d729a27d42ad613"
          },
          "private": "eyJlMmJmYjczMC1lY2FhLTExZTYtOGY4OC0zNDM2M2JjN2M0YzAiOnsiY3JlYXRlIjo2MDAwMDAwMDAwMDAsImRlbGV0ZSI6MTIwMDAwMDAwMDAwMH0sInNjaGVtYV92ZXJzaW9uIjoiMSJ9",
          "dependencies": [
            "module.aws-vpc-shared-svcs.aws_vpc.this",
            "module.aws-vpc-shared-svcs.aws_vpc_ipv4_cidr_block_association.this"
          ]
        },
        {
          "index_key": 1,
          "schema_version": 1,
          "attributes": {
            "arn": "arn:aws:ec2:us-east-1:332258952501:subnet/subnet-04d2924304f7e501c",
            "assign_ipv6_address_on_creation": false,
            "availability_zone": "us-east-1b",
            "availability_zone_id": "use1-az6",
            "cidr_block": "10.1.4.0/24",
            "customer_owned_ipv4_pool": "",
            "enable_dns64": false,
            "enable_resource_name_dns_a_record_on_launch": false,
            "enable_resource_name_dns_aaaa_record_on_launch": false,
            "id": "subnet-04d2924304f7e501c",
            "ipv6_cidr_block": "",
            "ipv6_cidr_block_association_id": "",
            "ipv6_native": false,
            "map_customer_owned_ip_on_launch": false,
            "map_public_ip_on_launch": true,
            "outpost_arn": "",
            "owner_id": "332258952501",
            "private_dns_hostname_type_on_launch": "ip-name",
            "tags": {
              "Name": "terraform-vpc-shared-svcs-public-us-east-1b",
              "Tier": "public"
            },
            "tags_all": {
              "Name": "terraform-vpc-shared-svcs-public-us-east-1b",
              "Tier": "public"
            },
            "timeouts": null,
            "vpc_id": "vpc-09d729a27d42ad613"
          },
          "private": "eyJlMmJmYjczMC1lY2FhLTExZTYtOGY4OC0zNDM2M2JjN2M0YzAiOnsiY3JlYXRlIjo2MDAwMDAwMDAwMDAsImRlbGV0ZSI6MTIwMDAwMDAwMDAwMH0sInNjaGVtYV92ZXJzaW9uIjoiMSJ9",
          "dependencies": [
            "module.aws-vpc-shared-svcs.aws_vpc.this",
            "module.aws-vpc-shared-svcs.aws_vpc_ipv4_cidr_block_association.this"
          ]
        },
        {
          "index_key": 2,
          "schema_version": 1,
          "attributes": {
            "arn": "arn:aws:ec2:us-east-1:332258952501:subnet/subnet-0218dec6dd57ff1a8",
            "assign_ipv6_address_on_creation": false,
            "availability_zone": "us-east-1c",
            "availability_zone_id": "use1-az1",
            "cidr_block": "10.1.5.0/24",
            "customer_owned_ipv4_pool": "",
            "enable_dns64": false,
            "enable_resource_name_dns_a_record_on_launch": false,
            "enable_resource_name_dns_aaaa_record_on_launch": false,
            "id": "subnet-0218dec6dd57ff1a8",
            "ipv6_cidr_block": "",
            "ipv6_cidr_block_association_id": "",
            "ipv6_native": false,
            "map_customer_owned_ip_on_launch": false,
            "map_public_ip_on_launch": true,
            "outpost_arn": "",
            "owner_id": "332258952501",
            "private_dns_hostname_type_on_launch": "ip-name",
            "tags": {
              "Name": "terraform-vpc-shared-svcs-public-us-east-1c",
              "Tier": "public"
            },
            "tags_all": {
              "Name": "terraform-vpc-shared-svcs-public-us-east-1c",
              "Tier": "public"
            },
            "timeouts": null,
            "vpc_id": "vpc-09d729a27d42ad613"
          },
          "private": "eyJlMmJmYjczMC1lY2FhLTExZTYtOGY4OC0zNDM2M2JjN2M0YzAiOnsiY3JlYXRlIjo2MDAwMDAwMDAwMDAsImRlbGV0ZSI6MTIwMDAwMDAwMDAwMH0sInNjaGVtYV92ZXJzaW9uIjoiMSJ9",
          "dependencies": [
            "module.aws-vpc-shared-svcs.aws_vpc.this",
            "module.aws-vpc-shared-svcs.aws_vpc_ipv4_cidr_block_association.this"
          ]
        }
      ]
    },
    {
      "module": "module.aws-vpc-shared-svcs",
      "mode": "managed",
      "type": "aws_vpc",
      "name": "this",
      "provider": "provider[\"registry.terraform.io/hashicorp/aws\"]",
      "instances": [
        {
          "index_key": 0,
          "schema_version": 1,
          "attributes": {
            "arn": "arn:aws:ec2:us-east-1:332258952501:vpc/vpc-09d729a27d42ad613",
            "assign_generated_ipv6_cidr_block": false,
            "cidr_block": "10.1.0.0/16",
            "default_network_acl_id": "acl-095323259a5413ff6",
            "default_route_table_id": "rtb-0a27b7ce851df84a3",
            "default_security_group_id": "sg-02740b5da976c059e",
            "dhcp_options_id": "dopt-09354bd38766b4bc0",
            "enable_classiclink": false,
            "enable_classiclink_dns_support": false,
            "enable_dns_hostnames": true,
            "enable_dns_support": true,
            "id": "vpc-09d729a27d42ad613",
            "instance_tenancy": "default",
            "ipv4_ipam_pool_id": null,
            "ipv4_netmask_length": null,
            "ipv6_association_id": "",
            "ipv6_cidr_block": "",
            "ipv6_cidr_block_network_border_group": "",
            "ipv6_ipam_pool_id": "",
            "ipv6_netmask_length": 0,
            "main_route_table_id": "rtb-0a27b7ce851df84a3",
            "owner_id": "332258952501",
            "tags": {
              "Name": "terraform-vpc-shared-svcs"
            },
            "tags_all": {
              "Name": "terraform-vpc-shared-svcs"
            }
          },
          "private": "eyJzY2hlbWFfdmVyc2lvbiI6IjEifQ=="
        }
      ]
    },
    {
      "module": "module.azure-app-network",
      "mode": "data",
      "type": "azurerm_resource_group",
      "name": "network",
      "provider": "provider[\"registry.terraform.io/hashicorp/azurerm\"]",
      "instances": [
        {
          "schema_version": 0,
          "attributes": {
            "id": "/subscriptions/37bc21fd-d0f5-46a3-8802-d5136be12b7e/resourceGroups/instruqt-vfej",
            "location": "southcentralus",
            "name": "instruqt-vfej",
            "tags": {},
            "timeouts": null
          }
        }
      ]
    },
    {
      "module": "module.azure-app-network",
      "mode": "managed",
      "type": "azurerm_subnet",
      "name": "subnet",
      "provider": "provider[\"registry.terraform.io/hashicorp/azurerm\"]",
      "instances": [
        {
          "index_key": 0,
          "schema_version": 0,
          "attributes": {
            "address_prefix": "10.2.0.0/24",
            "address_prefixes": [
              "10.2.0.0/24"
            ],
            "delegation": [],
            "enforce_private_link_endpoint_network_policies": false,
            "enforce_private_link_service_network_policies": false,
            "id": "/subscriptions/37bc21fd-d0f5-46a3-8802-d5136be12b7e/resourceGroups/instruqt-vfej/providers/Microsoft.Network/virtualNetworks/app-vnet/subnets/app",
            "name": "app",
            "resource_group_name": "instruqt-vfej",
            "service_endpoint_policy_ids": null,
            "service_endpoints": [],
            "timeouts": null,
            "virtual_network_name": "app-vnet"
          },
          "private": "eyJlMmJmYjczMC1lY2FhLTExZTYtOGY4OC0zNDM2M2JjN2M0YzAiOnsiY3JlYXRlIjoxODAwMDAwMDAwMDAwLCJkZWxldGUiOjE4MDAwMDAwMDAwMDAsInJlYWQiOjMwMDAwMDAwMDAwMCwidXBkYXRlIjoxODAwMDAwMDAwMDAwfX0=",
          "dependencies": [
            "azurerm_resource_group.instruqt",
            "module.azure-app-network.azurerm_virtual_network.vnet",
            "module.azure-app-network.data.azurerm_resource_group.network",
            "random_string.env"
          ]
        }
      ]
    },
    {
      "module": "module.azure-app-network",
      "mode": "managed",
      "type": "azurerm_virtual_network",
      "name": "vnet",
      "provider": "provider[\"registry.terraform.io/hashicorp/azurerm\"]",
      "instances": [
        {
          "schema_version": 0,
          "attributes": {
            "address_space": [
              "10.2.0.0/16"
            ],
            "bgp_community": "",
            "ddos_protection_plan": [],
            "dns_servers": [],
            "guid": "03b001b5-8997-487e-90aa-78a4251858c7",
            "id": "/subscriptions/37bc21fd-d0f5-46a3-8802-d5136be12b7e/resourceGroups/instruqt-vfej/providers/Microsoft.Network/virtualNetworks/app-vnet",
            "location": "southcentralus",
            "name": "app-vnet",
            "resource_group_name": "instruqt-vfej",
            "subnet": [],
            "tags": {
              "owner": "instruqt@hashicorp.com"
            },
            "timeouts": null,
            "vm_protection_enabled": false
          },
          "private": "eyJlMmJmYjczMC1lY2FhLTExZTYtOGY4OC0zNDM2M2JjN2M0YzAiOnsiY3JlYXRlIjoxODAwMDAwMDAwMDAwLCJkZWxldGUiOjE4MDAwMDAwMDAwMDAsInJlYWQiOjMwMDAwMDAwMDAwMCwidXBkYXRlIjoxODAwMDAwMDAwMDAwfX0=",
          "dependencies": [
            "azurerm_resource_group.instruqt",
            "module.azure-app-network.data.azurerm_resource_group.network",
            "random_string.env"
          ]
        }
      ]
    },
    {
      "module": "module.azure-shared-svcs-network",
      "mode": "data",
      "type": "azurerm_resource_group",
      "name": "network",
      "provider": "provider[\"registry.terraform.io/hashicorp/azurerm\"]",
      "instances": [
        {
          "schema_version": 0,
          "attributes": {
            "id": "/subscriptions/37bc21fd-d0f5-46a3-8802-d5136be12b7e/resourceGroups/instruqt-vfej",
            "location": "southcentralus",
            "name": "instruqt-vfej",
            "tags": {},
            "timeouts": null
          }
        }
      ]
    },
    {
      "module": "module.azure-shared-svcs-network",
      "mode": "managed",
      "type": "azurerm_subnet",
      "name": "subnet",
      "provider": "provider[\"registry.terraform.io/hashicorp/azurerm\"]",
      "instances": [
        {
          "index_key": 0,
          "schema_version": 0,
          "attributes": {
            "address_prefix": "10.1.0.0/24",
            "address_prefixes": [
              "10.1.0.0/24"
            ],
            "delegation": [],
            "enforce_private_link_endpoint_network_policies": false,
            "enforce_private_link_service_network_policies": false,
            "id": "/subscriptions/37bc21fd-d0f5-46a3-8802-d5136be12b7e/resourceGroups/instruqt-vfej/providers/Microsoft.Network/virtualNetworks/shared-svcs-vnet/subnets/shared",
            "name": "shared",
            "resource_group_name": "instruqt-vfej",
            "service_endpoint_policy_ids": null,
            "service_endpoints": [],
            "timeouts": null,
            "virtual_network_name": "shared-svcs-vnet"
          },
          "private": "eyJlMmJmYjczMC1lY2FhLTExZTYtOGY4OC0zNDM2M2JjN2M0YzAiOnsiY3JlYXRlIjoxODAwMDAwMDAwMDAwLCJkZWxldGUiOjE4MDAwMDAwMDAwMDAsInJlYWQiOjMwMDAwMDAwMDAwMCwidXBkYXRlIjoxODAwMDAwMDAwMDAwfX0=",
          "dependencies": [
            "azurerm_resource_group.instruqt",
            "module.azure-shared-svcs-network.azurerm_virtual_network.vnet",
            "module.azure-shared-svcs-network.data.azurerm_resource_group.network",
            "random_string.env"
          ]
        }
      ]
    },
    {
      "module": "module.azure-shared-svcs-network",
      "mode": "managed",
      "type": "azurerm_virtual_network",
      "name": "vnet",
      "provider": "provider[\"registry.terraform.io/hashicorp/azurerm\"]",
      "instances": [
        {
          "schema_version": 0,
          "attributes": {
            "address_space": [
              "10.1.0.0/16"
            ],
            "bgp_community": "",
            "ddos_protection_plan": [],
            "dns_servers": [],
            "guid": "7e8bce67-4daa-4787-bdd7-5c53f220ed40",
            "id": "/subscriptions/37bc21fd-d0f5-46a3-8802-d5136be12b7e/resourceGroups/instruqt-vfej/providers/Microsoft.Network/virtualNetworks/shared-svcs-vnet",
            "location": "southcentralus",
            "name": "shared-svcs-vnet",
            "resource_group_name": "instruqt-vfej",
            "subnet": [],
            "tags": {
              "owner": "instruqt@hashicorp.com"
            },
            "timeouts": null,
            "vm_protection_enabled": false
          },
          "private": "eyJlMmJmYjczMC1lY2FhLTExZTYtOGY4OC0zNDM2M2JjN2M0YzAiOnsiY3JlYXRlIjoxODAwMDAwMDAwMDAwLCJkZWxldGUiOjE4MDAwMDAwMDAwMDAsInJlYWQiOjMwMDAwMDAwMDAwMCwidXBkYXRlIjoxODAwMDAwMDAwMDAwfX0=",
          "dependencies": [
            "azurerm_resource_group.instruqt",
            "module.azure-shared-svcs-network.data.azurerm_resource_group.network",
            "random_string.env"
          ]
        }
      ]
    },
    {
      "module": "module.gcp-vpc-app.module.subnets",
      "mode": "managed",
      "type": "google_compute_subnetwork",
      "name": "subnetwork",
      "provider": "provider[\"registry.terraform.io/hashicorp/google\"]",
      "instances": [
        {
          "index_key": "us-central1/app",
          "schema_version": 0,
          "attributes": {
            "creation_timestamp": "2023-04-13T05:28:50.236-07:00",
            "description": "",
            "external_ipv6_prefix": "",
            "fingerprint": null,
            "gateway_address": "10.2.0.1",
            "id": "projects/p-vog23x9oea5u-0/regions/us-central1/subnetworks/app",
            "ip_cidr_range": "10.2.0.0/24",
            "ipv6_access_type": "",
            "ipv6_cidr_range": "",
            "log_config": [
              {
                "aggregation_interval": "INTERVAL_5_SEC",
                "filter_expr": "true",
                "flow_sampling": 0.5,
                "metadata": "INCLUDE_ALL_METADATA",
                "metadata_fields": null
              }
            ],
            "name": "app",
            "network": "https://www.googleapis.com/compute/v1/projects/p-vog23x9oea5u-0/global/networks/vpc-app",
            "private_ip_google_access": false,
            "private_ipv6_google_access": "DISABLE_GOOGLE_ACCESS",
            "project": "p-vog23x9oea5u-0",
            "purpose": "PRIVATE",
            "region": "us-central1",
            "role": "",
            "secondary_ip_range": [],
            "self_link": "https://www.googleapis.com/compute/v1/projects/p-vog23x9oea5u-0/regions/us-central1/subnetworks/app",
            "stack_type": "IPV4_ONLY",
            "timeouts": null
          },
          "private": "eyJlMmJmYjczMC1lY2FhLTExZTYtOGY4OC0zNDM2M2JjN2M0YzAiOnsiY3JlYXRlIjozNjAwMDAwMDAwMDAsImRlbGV0ZSI6MzYwMDAwMDAwMDAwLCJ1cGRhdGUiOjM2MDAwMDAwMDAwMH19",
          "dependencies": [
            "module.gcp-vpc-app.module.vpc.google_compute_network.network"
          ]
        }
      ]
    },
    {
      "module": "module.gcp-vpc-app.module.vpc",
      "mode": "managed",
      "type": "google_compute_network",
      "name": "network",
      "provider": "provider[\"registry.terraform.io/hashicorp/google\"]",
      "instances": [
        {
          "schema_version": 0,
          "attributes": {
            "auto_create_subnetworks": false,
            "delete_default_routes_on_create": false,
            "description": "",
            "gateway_ipv4": "",
            "id": "projects/p-vog23x9oea5u-0/global/networks/vpc-app",
            "mtu": 0,
            "name": "vpc-app",
            "project": "p-vog23x9oea5u-0",
            "routing_mode": "GLOBAL",
            "self_link": "https://www.googleapis.com/compute/v1/projects/p-vog23x9oea5u-0/global/networks/vpc-app",
            "timeouts": null
          },
          "private": "eyJlMmJmYjczMC1lY2FhLTExZTYtOGY4OC0zNDM2M2JjN2M0YzAiOnsiY3JlYXRlIjoyNDAwMDAwMDAwMDAsImRlbGV0ZSI6MjQwMDAwMDAwMDAwLCJ1cGRhdGUiOjI0MDAwMDAwMDAwMH19"
        }
      ]
    },
    {
      "module": "module.gcp-vpc-shared-svcs.module.subnets",
      "mode": "managed",
      "type": "google_compute_subnetwork",
      "name": "subnetwork",
      "provider": "provider[\"registry.terraform.io/hashicorp/google\"]",
      "instances": [
        {
          "index_key": "us-central1/shared",
          "schema_version": 0,
          "attributes": {
            "creation_timestamp": "2023-04-13T05:28:49.629-07:00",
            "description": "",
            "external_ipv6_prefix": "",
            "fingerprint": null,
            "gateway_address": "10.1.0.1",
            "id": "projects/p-vog23x9oea5u-0/regions/us-central1/subnetworks/shared",
            "ip_cidr_range": "10.1.0.0/24",
            "ipv6_access_type": "",
            "ipv6_cidr_range": "",
            "log_config": [
              {
                "aggregation_interval": "INTERVAL_5_SEC",
                "filter_expr": "true",
                "flow_sampling": 0.5,
                "metadata": "INCLUDE_ALL_METADATA",
                "metadata_fields": null
              }
            ],
            "name": "shared",
            "network": "https://www.googleapis.com/compute/v1/projects/p-vog23x9oea5u-0/global/networks/vpc-shared-svcs",
            "private_ip_google_access": false,
            "private_ipv6_google_access": "DISABLE_GOOGLE_ACCESS",
            "project": "p-vog23x9oea5u-0",
            "purpose": "PRIVATE",
            "region": "us-central1",
            "role": "",
            "secondary_ip_range": [],
            "self_link": "https://www.googleapis.com/compute/v1/projects/p-vog23x9oea5u-0/regions/us-central1/subnetworks/shared",
            "stack_type": "IPV4_ONLY",
            "timeouts": null
          },
          "private": "eyJlMmJmYjczMC1lY2FhLTExZTYtOGY4OC0zNDM2M2JjN2M0YzAiOnsiY3JlYXRlIjozNjAwMDAwMDAwMDAsImRlbGV0ZSI6MzYwMDAwMDAwMDAwLCJ1cGRhdGUiOjM2MDAwMDAwMDAwMH19",
          "dependencies": [
            "module.gcp-vpc-shared-svcs.module.vpc.google_compute_network.network"
          ]
        }
      ]
    },
    {
      "module": "module.gcp-vpc-shared-svcs.module.vpc",
      "mode": "managed",
      "type": "google_compute_network",
      "name": "network",
      "provider": "provider[\"registry.terraform.io/hashicorp/google\"]",
      "instances": [
        {
          "schema_version": 0,
          "attributes": {
            "auto_create_subnetworks": false,
            "delete_default_routes_on_create": false,
            "description": "",
            "gateway_ipv4": "",
            "id": "projects/p-vog23x9oea5u-0/global/networks/vpc-shared-svcs",
            "mtu": 0,
            "name": "vpc-shared-svcs",
            "project": "p-vog23x9oea5u-0",
            "routing_mode": "GLOBAL",
            "self_link": "https://www.googleapis.com/compute/v1/projects/p-vog23x9oea5u-0/global/networks/vpc-shared-svcs",
            "timeouts": null
          },
          "private": "eyJlMmJmYjczMC1lY2FhLTExZTYtOGY4OC0zNDM2M2JjN2M0YzAiOnsiY3JlYXRlIjoyNDAwMDAwMDAwMDAsImRlbGV0ZSI6MjQwMDAwMDAwMDAwLCJ1cGRhdGUiOjI0MDAwMDAwMDAwMH19"
        }
      ]
    }
  ]
}
