{
  "version": 4,
  "terraform_version": "0.13.5",
  "serial": 3,
  "lineage": "81e52b4e-705f-6dd3-1251-65ceeeb25295",
  "outputs": {
    "gcp_gke_cluster_shared_name": {
      "value": "shared-vfej",
      "type": "string"
    }
  },
  "resources": [
    {
      "mode": "data",
      "type": "terraform_remote_state",
      "name": "iam",
      "provider": "provider[\"terraform.io/builtin/terraform\"]",
      "instances": [
        {
          "schema_version": 0,
          "attributes": {
            "backend": "local",
            "config": {
              "value": {
                "path": "../iam/terraform.tfstate"
              },
              "type": [
                "object",
                {
                  "path": "string"
                }
              ]
            },
            "defaults": null,
            "outputs": {
              "value": {
                "aws_consul_iam_instance_profile_name": "consul-vfej",
                "aws_consul_iam_role_arn": "arn:aws:iam::332258952501:role/consul-vfej",
                "aws_cts_iam_instance_profile_name": "cts-vfej",
                "aws_cts_iam_role_arn": "arn:aws:iam::332258952501:role/cts-vfej",
                "aws_nomad_iam_instance_profile_name": "nomad-vfej",
                "aws_nomad_iam_role_arn": "arn:aws:iam::332258952501:role/nomad-vfej",
                "azure_consul_user_assigned_identity_id": "/subscriptions/37bc21fd-d0f5-46a3-8802-d5136be12b7e/resourceGroups/instruqt-vfej/providers/Microsoft.ManagedIdentity/userAssignedIdentities/consul-vfej",
                "azure_consul_user_assigned_identity_name": "consul-vfej",
                "azure_consul_user_assigned_identity_principal_id": "fbb7256b-225e-42f6-8db0-efd3e176d19e",
                "azure_product_api_user_assigned_identity_id": "/subscriptions/37bc21fd-d0f5-46a3-8802-d5136be12b7e/resourceGroups/instruqt-vfej/providers/Microsoft.ManagedIdentity/userAssignedIdentities/product-api-vfej",
                "azure_product_api_user_assigned_identity_name": "product-api-vfej",
                "azure_product_api_user_assigned_identity_principal_id": "efb6b0ac-81cb-46e3-bb01-0d2ebc1385e0",
                "gcp_consul_service_account_email": "consul-vfej@p-vog23x9oea5u-0.iam.gserviceaccount.com"
              },
              "type": [
                "object",
                {
                  "aws_consul_iam_instance_profile_name": "string",
                  "aws_consul_iam_role_arn": "string",
                  "aws_cts_iam_instance_profile_name": "string",
                  "aws_cts_iam_role_arn": "string",
                  "aws_nomad_iam_instance_profile_name": "string",
                  "aws_nomad_iam_role_arn": "string",
                  "azure_consul_user_assigned_identity_id": "string",
                  "azure_consul_user_assigned_identity_name": "string",
                  "azure_consul_user_assigned_identity_principal_id": "string",
                  "azure_product_api_user_assigned_identity_id": "string",
                  "azure_product_api_user_assigned_identity_name": "string",
                  "azure_product_api_user_assigned_identity_principal_id": "string",
                  "gcp_consul_service_account_email": "string"
                }
              ]
            },
            "workspace": null
          }
        }
      ]
    },
    {
      "mode": "data",
      "type": "terraform_remote_state",
      "name": "infra",
      "provider": "provider[\"terraform.io/builtin/terraform\"]",
      "instances": [
        {
          "schema_version": 0,
          "attributes": {
            "backend": "local",
            "config": {
              "value": {
                "path": "../infra/terraform.tfstate"
              },
              "type": [
                "object",
                {
                  "path": "string"
                }
              ]
            },
            "defaults": null,
            "outputs": {
              "value": {
                "aws_shared_svcs_private_subnets": [
                  "subnet-0f28b3e2ffeb6c850",
                  "subnet-02954e54ad1f182d6",
                  "subnet-04a046c94626becbd"
                ],
                "aws_shared_svcs_public_subnets": [
                  "subnet-00e0abdeeb6e3dfc1",
                  "subnet-04d2924304f7e501c",
                  "subnet-0218dec6dd57ff1a8"
                ],
                "aws_shared_svcs_vpc": "vpc-09d729a27d42ad613",
                "aws_ssh_key_name": "instruqt-vfej",
                "azure_app_public_subnets": [
                  "/subscriptions/37bc21fd-d0f5-46a3-8802-d5136be12b7e/resourceGroups/instruqt-vfej/providers/Microsoft.Network/virtualNetworks/app-vnet/subnets/app"
                ],
                "azure_rg_location": "southcentralus",
                "azure_rg_name": "instruqt-vfej",
                "azure_shared_svcs_public_subnets": [
                  "/subscriptions/37bc21fd-d0f5-46a3-8802-d5136be12b7e/resourceGroups/instruqt-vfej/providers/Microsoft.Network/virtualNetworks/shared-svcs-vnet/subnets/shared"
                ],
                "env": "vfej",
                "gcp_shared_svcs_network_self_link": "https://www.googleapis.com/compute/v1/projects/p-vog23x9oea5u-0/global/networks/vpc-shared-svcs"
              },
              "type": [
                "object",
                {
                  "aws_shared_svcs_private_subnets": [
                    "tuple",
                    [
                      "string",
                      "string",
                      "string"
                    ]
                  ],
                  "aws_shared_svcs_public_subnets": [
                    "tuple",
                    [
                      "string",
                      "string",
                      "string"
                    ]
                  ],
                  "aws_shared_svcs_vpc": "string",
                  "aws_ssh_key_name": "string",
                  "azure_app_public_subnets": [
                    "tuple",
                    [
                      "string"
                    ]
                  ],
                  "azure_rg_location": "string",
                  "azure_rg_name": "string",
                  "azure_shared_svcs_public_subnets": [
                    "tuple",
                    [
                      "string"
                    ]
                  ],
                  "env": "string",
                  "gcp_shared_svcs_network_self_link": "string"
                }
              ]
            },
            "workspace": null
          }
        }
      ]
    },
    {
      "mode": "managed",
      "type": "google_container_cluster",
      "name": "shared",
      "provider": "provider[\"registry.terraform.io/hashicorp/google-beta\"]",
      "instances": [
        {
          "schema_version": 1,
          "attributes": {
            "addons_config": [
              {
                "cloudrun_config": [],
                "config_connector_config": [],
                "dns_cache_config": [],
                "gce_persistent_disk_csi_driver_config": [
                  {
                    "enabled": true
                  }
                ],
                "gcp_filestore_csi_driver_config": [],
                "gke_backup_agent_config": [],
                "horizontal_pod_autoscaling": [],
                "http_load_balancing": [],
                "istio_config": [],
                "kalm_config": [],
                "network_policy_config": [
                  {
                    "disabled": true
                  }
                ]
              }
            ],
            "authenticator_groups_config": [],
            "binary_authorization": [
              {
                "enabled": false,
                "evaluation_mode": ""
              }
            ],
            "cluster_autoscaling": [
              {
                "auto_provisioning_defaults": [],
                "autoscaling_profile": "BALANCED",
                "enabled": false,
                "resource_limits": []
              }
            ],
            "cluster_ipv4_cidr": "10.212.0.0/14",
            "cluster_telemetry": [
              {
                "type": "ENABLED"
              }
            ],
            "confidential_nodes": [],
            "cost_management_config": [],
            "database_encryption": [
              {
                "key_name": "",
                "state": "DECRYPTED"
              }
            ],
            "datapath_provider": "",
            "default_max_pods_per_node": 110,
            "default_snat_status": [
              {
                "disabled": false
              }
            ],
            "description": "",
            "dns_config": [],
            "enable_autopilot": false,
            "enable_binary_authorization": false,
            "enable_intranode_visibility": false,
            "enable_kubernetes_alpha": false,
            "enable_l4_ilb_subsetting": false,
            "enable_legacy_abac": true,
            "enable_shielded_nodes": true,
            "enable_tpu": false,
            "endpoint": "35.224.123.38",
            "gateway_api_config": [],
            "id": "projects/p-vog23x9oea5u-0/locations/us-central1-a/clusters/shared-vfej",
            "identity_service_config": [],
            "initial_node_count": 1,
            "ip_allocation_policy": [
              {
                "cluster_ipv4_cidr_block": "10.212.0.0/14",
                "cluster_secondary_range_name": "gke-shared-vfej-pods-7ca22796",
                "services_ipv4_cidr_block": "10.216.0.0/20",
                "services_secondary_range_name": "gke-shared-vfej-services-7ca22796",
                "stack_type": "IPV4"
              }
            ],
            "label_fingerprint": "a9dc16a7",
            "location": "us-central1-a",
            "logging_config": [
              {
                "enable_components": [
                  "SYSTEM_COMPONENTS",
                  "WORKLOADS"
                ]
              }
            ],
            "logging_service": "logging.googleapis.com/kubernetes",
            "maintenance_policy": [
              {
                "daily_maintenance_window": [],
                "maintenance_exclusion": [],
                "recurring_window": [
                  {
                    "end_time": "2022-12-11T19:00:00Z",
                    "recurrence": "FREQ=WEEKLY;WKST=SU;BYDAY=SA,SU",
                    "start_time": "2022-12-11T13:00:00Z"
                  }
                ]
              }
            ],
            "master_auth": [
              {
                "client_certificate": "",
                "client_certificate_config": [
                  {
                    "issue_client_certificate": false
                  }
                ],
                "client_key": "",
                "cluster_ca_certificate": "LS0tLS1CRUdJTiBDRVJUSUZJQ0FURS0tLS0tCk1JSUVMVENDQXBXZ0F3SUJBZ0lSQU9XODFxUEtYbFpmb1RkYjNibmVWQ0V3RFFZSktvWklodmNOQVFFTEJRQXcKTHpFdE1Dc0dBMVVFQXhNa1pUVXlaR000TnpZdFlqZzBZaTAwWWpVNExXRXpNRGN0TVdGaFkyVmlaVEJqTkdabQpNQ0FYRFRJek1EUXhNekV4TXpFek5Wb1lEekl3TlRNd05EQTFNVEl6TVRNMVdqQXZNUzB3S3dZRFZRUURFeVJsCk5USmtZemczTmkxaU9EUmlMVFJpTlRndFlUTXdOeTB4WVdGalpXSmxNR00wWm1Zd2dnR2lNQTBHQ1NxR1NJYjMKRFFFQkFRVUFBNElCandBd2dnR0tBb0lCZ1FERWE4aHREOXdMWm0wdHZSUHgweDl5cms4MnVWcXF0UWhyNkNjSgpzYm1RUjhJaWV5QVFTTkVDYjdBYkpqc1ZZNk9UcTVSRGZsVU5EdUVVUEdkRkpjam16SGR4SnNiVCtMSXRMY0Y3Cko4UFJRZW1EUC85Q3RjM21xMmhpbC9SelJOaTB0ZU1pdTRWNWtlRmlLcFE2aHl5Qm5MS1VTcFo5bWdUTlZ6VlkKRW1oK3dZWm5NRXd6QVZhSFZWblNaMmMrK0JTNWhCaWc4c0dTVHRnam9xR04xSm1YaWM3OGtoV2ZqNnMvVFJ2ZAp2SnlDeWNKdkxhdml5Z0JTMStTOFV0V0pLRGpoMEVCOWMwMmVxQkxDTkVlRjJFd3ZOM2VwUXVGczdBUmphdlhTClpuMGFPUTJNQWZPeDFKNDF3SzA2V1VCdW5CMXQ1S2NQMnFnOFQ1MFE5Tk9hOGRndHNGVXltNXJ5c3AyVFFlSi8KOUphclhLalREWmhJaHN1Z3krdXU1UFdpRmxqUTJtR2xSc3lVcU1XQ0V4NEVwWXFMOUR3ODM5QWtxV3ZvVTdDTApBVDdFOXo1Y2RYNE80RTZPVGx0ZWhMOENMeURrTklybGhVd0hZTEg4SVZWMExQUDlrdG5kMXVTVi8wdS9CQXdvCkc1a2tCZmJ2ZW5KMHNKVVRYMndHcGhQTFFhTUNBd0VBQWFOQ01FQXdEZ1lEVlIwUEFRSC9CQVFEQWdJRU1BOEcKQTFVZEV3RUIvd1FGTUFNQkFmOHdIUVlEVlIwT0JCWUVGT3ZMRHhZY25Nc1d1b3hZVGZ5OUxnc25LNzdNTUEwRwpDU3FHU0liM0RRRUJDd1VBQTRJQmdRQ3NvekFCbFdRMVBBN0dmaStVTEtTM2Npc2JFQTNNcHZkaG8xblIzWDRnCnJpaVRmWDE0amhkbU02Njluckd0MkdxaDRIcmlsRllsUEJqYnordEhnZlFBZFg4eGZzVENvTFA5RkYydnNxajgKN1BuVXpRY0dyU3pXNFhtTm9PZHg4UVRGTDlLajFQTThwNlFFRlFsZnVSMldlRkNBMEZHeGsvZUgvK1NqWEpuRApCdHIxZHBWeU5UODU1OVFWVE45ak5pMEg4bjY1dlNzTCt1YmxKbEUzMjR6Wmx5U1ZZdldoamNQTThoWGgvVFNmCnh4akh0ZmUxeE5DNlFIWjJ1akQzU3RVckhvYTdGQmJ6b1lRVFNqR2RvV1phSDNqUGhEZFpIZHFkYUZDS2dFOXQKdk52ekJoQkVsTjgxcmFROTdJWmxITWZzOTJkU3ZycW9XNDBlYXJQUDc5d3FlYkRHbG1xME9kSk40SG1XSHZwSAppSzZwQ0pqcjlQMnFRY1VKei9keTRHUmowc2xwdjVKUGx0QVlmVC9lK21RQ09NV1IxTUF0S0taUTB0M3NpaGVZCk1sU1VqYVYxM3lhL1RaTmJyaHR6RStWUHM4S29EM0xqR1h1YWJHb1pNMURjdHhvTUk1MUhpQU9PYmNDM2hkeTAKTzlYd2RvM2ZyYkZrNlJBSmg1K3F4UFU9Ci0tLS0tRU5EIENFUlRJRklDQVRFLS0tLS0K"
              }
            ],
            "master_authorized_networks_config": [],
            "master_version": "1.21.14-gke.8500",
            "mesh_certificates": [],
            "min_master_version": "1.21.14-gke.8500",
            "monitoring_config": [
              {
                "enable_components": [
                  "SYSTEM_COMPONENTS"
                ],
                "managed_prometheus": []
              }
            ],
            "monitoring_service": "monitoring.googleapis.com/kubernetes",
            "name": "shared-vfej",
            "network": "projects/p-vog23x9oea5u-0/global/networks/vpc-shared-svcs",
            "network_policy": [
              {
                "enabled": false,
                "provider": "PROVIDER_UNSPECIFIED"
              }
            ],
            "networking_mode": "VPC_NATIVE",
            "node_config": [
              {
                "advanced_machine_features": [],
                "boot_disk_kms_key": "",
                "disk_size_gb": 100,
                "disk_type": "pd-standard",
                "ephemeral_storage_config": [],
                "ephemeral_storage_local_ssd_config": [],
                "gcfs_config": [],
                "guest_accelerator": [],
                "gvnic": [],
                "image_type": "COS_CONTAINERD",
                "kubelet_config": [],
                "labels": {},
                "linux_node_config": [],
                "local_nvme_ssd_block_config": [],
                "local_ssd_count": 0,
                "logging_variant": "DEFAULT",
                "machine_type": "n1-standard-2",
                "metadata": {
                  "disable-legacy-endpoints": "true"
                },
                "min_cpu_platform": "",
                "node_group": "",
                "oauth_scopes": [
                  "https://www.googleapis.com/auth/cloud-platform",
                  "https://www.googleapis.com/auth/logging.write",
                  "https://www.googleapis.com/auth/monitoring"
                ],
                "preemptible": false,
                "reservation_affinity": [],
                "resource_labels": {},
                "sandbox_config": [],
                "service_account": "consul-vfej@p-vog23x9oea5u-0.iam.gserviceaccount.com",
                "shielded_instance_config": [
                  {
                    "enable_integrity_monitoring": true,
                    "enable_secure_boot": false
                  }
                ],
                "spot": false,
                "tags": [
                  "consul-server",
                  "consul-connect"
                ],
                "taint": [],
                "workload_metadata_config": []
              }
            ],
            "node_locations": [],
            "node_pool": [
              {
                "autoscaling": [],
                "initial_node_count": 1,
                "instance_group_urls": [
                  "https://www.googleapis.com/compute/v1/projects/p-vog23x9oea5u-0/zones/us-central1-a/instanceGroupManagers/gke-shared-vfej-default-pool-eb041cfd-grp"
                ],
                "managed_instance_group_urls": [
                  "https://www.googleapis.com/compute/beta/projects/p-vog23x9oea5u-0/zones/us-central1-a/instanceGroups/gke-shared-vfej-default-pool-eb041cfd-grp"
                ],
                "management": [
                  {
                    "auto_repair": true,
                    "auto_upgrade": true
                  }
                ],
                "max_pods_per_node": 110,
                "name": "default-pool",
                "name_prefix": "",
                "network_config": [
                  {
                    "create_pod_range": false,
                    "enable_private_nodes": false,
                    "pod_ipv4_cidr_block": "10.212.0.0/14",
                    "pod_range": "gke-shared-vfej-pods-7ca22796"
                  }
                ],
                "node_config": [
                  {
                    "advanced_machine_features": [],
                    "boot_disk_kms_key": "",
                    "disk_size_gb": 100,
                    "disk_type": "pd-standard",
                    "ephemeral_storage_config": [],
                    "ephemeral_storage_local_ssd_config": [],
                    "gcfs_config": [],
                    "guest_accelerator": [],
                    "gvnic": [],
                    "image_type": "COS_CONTAINERD",
                    "kubelet_config": [],
                    "labels": {},
                    "linux_node_config": [],
                    "local_nvme_ssd_block_config": [],
                    "local_ssd_count": 0,
                    "logging_variant": "DEFAULT",
                    "machine_type": "n1-standard-2",
                    "metadata": {
                      "disable-legacy-endpoints": "true"
                    },
                    "min_cpu_platform": "",
                    "node_group": "",
                    "oauth_scopes": [
                      "https://www.googleapis.com/auth/cloud-platform",
                      "https://www.googleapis.com/auth/logging.write",
                      "https://www.googleapis.com/auth/monitoring"
                    ],
                    "preemptible": false,
                    "reservation_affinity": [],
                    "resource_labels": {},
                    "sandbox_config": [],
                    "service_account": "consul-vfej@p-vog23x9oea5u-0.iam.gserviceaccount.com",
                    "shielded_instance_config": [
                      {
                        "enable_integrity_monitoring": true,
                        "enable_secure_boot": false
                      }
                    ],
                    "spot": false,
                    "tags": [
                      "consul-server",
                      "consul-connect"
                    ],
                    "taint": [],
                    "workload_metadata_config": []
                  }
                ],
                "node_count": 1,
                "node_locations": [
                  "us-central1-a"
                ],
                "placement_policy": [],
                "upgrade_settings": [
                  {
                    "blue_green_settings": [],
                    "max_surge": 1,
                    "max_unavailable": 0,
                    "strategy": "SURGE"
                  }
                ],
                "version": "1.21.14-gke.8500"
              }
            ],
            "node_pool_auto_config": [
              {
                "network_tags": []
              }
            ],
            "node_pool_defaults": [
              {
                "node_config_defaults": [
                  {
                    "gcfs_config": [],
                    "logging_variant": "DEFAULT"
                  }
                ]
              }
            ],
            "node_version": "1.21.14-gke.8500",
            "notification_config": [
              {
                "pubsub": [
                  {
                    "enabled": false,
                    "filter": [],
                    "topic": ""
                  }
                ]
              }
            ],
            "operation": null,
            "pod_security_policy_config": [
              {
                "enabled": false
              }
            ],
            "private_cluster_config": [],
            "private_ipv6_google_access": "",
            "project": "p-vog23x9oea5u-0",
            "protect_config": [
              {
                "workload_config": [
                  {
                    "audit_mode": "MODE_UNSPECIFIED"
                  }
                ],
                "workload_vulnerability_mode": "WORKLOAD_VULNERABILITY_MODE_UNSPECIFIED"
              }
            ],
            "release_channel": [
              {
                "channel": "UNSPECIFIED"
              }
            ],
            "remove_default_node_pool": null,
            "resource_labels": {},
            "resource_usage_export_config": [],
            "self_link": "https://container.googleapis.com/v1beta1/projects/p-vog23x9oea5u-0/zones/us-central1-a/clusters/shared-vfej",
            "service_external_ips_config": [
              {
                "enabled": false
              }
            ],
            "services_ipv4_cidr": "10.216.0.0/20",
            "subnetwork": "projects/p-vog23x9oea5u-0/regions/us-central1/subnetworks/shared",
            "timeouts": {
              "create": "30m",
              "delete": null,
              "read": null,
              "update": "40m"
            },
            "tpu_config": [],
            "tpu_ipv4_cidr_block": "",
            "vertical_pod_autoscaling": [],
            "workload_identity_config": []
          },
          "private": "eyJlMmJmYjczMC1lY2FhLTExZTYtOGY4OC0zNDM2M2JjN2M0YzAiOnsiY3JlYXRlIjoxODAwMDAwMDAwMDAwLCJkZWxldGUiOjI0MDAwMDAwMDAwMDAsInJlYWQiOjI0MDAwMDAwMDAwMDAsInVwZGF0ZSI6MjQwMDAwMDAwMDAwMH0sInNjaGVtYV92ZXJzaW9uIjoiMSJ9",
          "dependencies": [
            "data.terraform_remote_state.iam",
            "data.terraform_remote_state.infra"
          ]
        }
      ]
    }
  ]
}
