{
  "version": 4,
  "terraform_version": "0.13.5",
  "serial": 3,
  "lineage": "f004c7ae-9daf-8285-eb1b-4de3d76b5bd3",
  "outputs": {
    "gcp_gke_cluster_graphql_cluster_ca_certificate": {
      "value": "LS0tLS1CRUdJTiBDRVJUSUZJQ0FURS0tLS0tCk1JSUVMVENDQXBXZ0F3SUJBZ0lSQU02SU9xVGF3b0dPMUVTVUZ4VUorTVV3RFFZSktvWklodmNOQVFFTEJRQXcKTHpFdE1Dc0dBMVVFQXhNa01UZGtZelF5Tm1JdE5qTmlZaTAwTXpsaUxUbGhZekV0T0RabVpHVm1ZV0ZqWXpjeQpNQ0FYRFRJek1EUXhNekV4TXpFME5Gb1lEekl3TlRNd05EQTFNVEl6TVRRMFdqQXZNUzB3S3dZRFZRUURFeVF4Ck4yUmpOREkyWWkwMk0ySmlMVFF6T1dJdE9XRmpNUzA0Tm1aa1pXWmhZV05qTnpJd2dnR2lNQTBHQ1NxR1NJYjMKRFFFQkFRVUFBNElCandBd2dnR0tBb0lCZ1FDekhJaCs2empaRjcvOG0yNjNRdWdoSng5SHAyc09ld1l1WE1vcQpSUHd1OUZnYjh5WkdzR2JvOWk0SGZoZUlhRE1NaWUvNzFaM3phL2xwNGR1Lyt5c1JKSWhHS2VTTENlMm5OaUJwClNNL1FScUlPeW1WNmdveXQwbUo5MmVnUW5pcWgyZ3NTdHB0akZUV2I0MVlWNHM5ZGxqcHBiNmFvcDFBWFV5dWEKbGgvSDdxczFXYVlKbGZCemg5R0I3eE9mRDJDZ05aV2cyOW9kR0xNblp3cTAzK050OUFDaUlaLzdQVW11dy9YYgpKUU11d2FiYTZPWVJjQVMvbEtNSWhYSlNTblp4VXVuNmV3Slpqd0djcEl4V2JKOXA1alpNUTNwQzFGSUx0TDFyCjRuYmM4cHplbnd6bldyS1lOd21kL0FvUGtXQkh0eEVYU2pRL211UHlrZ1YvMGVsWWNNbGNRN2ppRkFIelJBR0YKQkNvNm5ZNFcway8vOC9Kakk4SVE1MklDSnd5MVBrSTVNa3NZNGpSNkVFNGFjVGE4RWV3VDZ2bnNORlBmMWtURgppK0IvR0tjN1lEbXYyMWl1VHBUR2F1TDMyVFB5Vm5aTzlpSUt1ZzhEMUN6cVd0dWNpWG8zWk4yUjVvZ1lyTEYzClNlNmUvUlJZYlZ5YnkxbXhHaXU4ZXNqdmIxVUNBd0VBQWFOQ01FQXdEZ1lEVlIwUEFRSC9CQVFEQWdJRU1BOEcKQTFVZEV3RUIvd1FGTUFNQkFmOHdIUVlEVlIwT0JCWUVGQTV6QlZlU0RJMVZXQnFOaWhjanlQUytJVEZ0TUEwRwpDU3FHU0liM0RRRUJDd1VBQTRJQmdRQmpFcFd1YlhqNlZYQyt5SXIxb2sxVm5zdXdsclVXUVJnT3JNc0IwZkhqCjZjN0x2M3Q1cDg0ZzF0bTF1TDR4QVJCQnVaaUFmWkRFYmMwWjRVWVdQZVdyekYvVHAxdUM0Y2FPc0FGLzVZQUgKd3NscWMvZEUxdS9zMStWSnhiOUNBb3VXTHZsNEphWWlEZVhtNVcvYklwL1VOaVVZY0gyUk9vVXhzVlZIY283SApFY05wS1BVaUt0R3ljaUF2UkJ1eVo4OHljR1NkN0JHQkV3djZuQ1l4cGhHRUhXdUxhTDVtZXVBT2FpQnlnY3hNCkFtbDJqbnpvdko0OUwyNGtUSStPMGxyaXpYYjhWNHNzSnc2SUF3YWhua0dmaStFYTBNbnJheERyOG84anUyNzQKdndZL0tXZ1daK0dtRjQvUENXNjhqNVV6d3hGanFxcmp6VjZFOHZOL1hoUVkwSklmZk94TUJsSjhnTUVZbHZRZApkV212L1psbXdYTnhsYVd6cWoycmgxKzNUZ3JOWHg5L3ZnUFJZV3dHRkNuRGdNV0RYMnU4MjAzMVJ6VVpjUkNhCkNJY2ViNkhFclVCaU9qUFliNXA0U0R0ekY1MTlTalVId2dPUHNmWTByTnc4NFBFaFJnMUtYTVJBeHM3Q2VPL1AKV0U5LzFpeVlDV3REUmQ3Y3NxelNET2M9Ci0tLS0tRU5EIENFUlRJRklDQVRFLS0tLS0K",
      "type": "string"
    },
    "gcp_gke_cluster_graphql_endpoint": {
      "value": "34.173.137.200",
      "type": "string"
    },
    "gcp_gke_cluster_graphql_name": {
      "value": "graphql-vfej",
      "type": "string"
    },
    "gcp_gke_cluster_react_cluster_ca_certificate": {
      "value": "LS0tLS1CRUdJTiBDRVJUSUZJQ0FURS0tLS0tCk1JSUVMVENDQXBXZ0F3SUJBZ0lSQU95Sm5NU1Z6NGtZcWFlYytkdDZNNzR3RFFZSktvWklodmNOQVFFTEJRQXcKTHpFdE1Dc0dBMVVFQXhNa1pESXlOalptTkdVdE9ESmlNUzAwWkRWaExXRTRZak10WkRWaU9HTmtNRE5oTUdZeQpNQ0FYRFRJek1EUXhNekV4TXpFME5sb1lEekl3TlRNd05EQTFNVEl6TVRRMldqQXZNUzB3S3dZRFZRUURFeVJrCk1qSTJObVkwWlMwNE1tSXhMVFJrTldFdFlUaGlNeTFrTldJNFkyUXdNMkV3WmpJd2dnR2lNQTBHQ1NxR1NJYjMKRFFFQkFRVUFBNElCandBd2dnR0tBb0lCZ1FDMkN5b0s0bEE1UkJTbzl5SGYzV3B4TmR1ZEZEdllkeW9LdkJEcAorRHMySUhsSlFobURmZDZmZnpaWVZjTWdrVzA5ZWozV1c5eGhUOEdGUThSeS9DU0xUNFRSemJPekFOcjh5VHJuCmpHZ2NSdzVmZFR0OXQwNzZMTzk2UFR6SjBzdlUwaGJPRGNicDRJRnEwazFpdDJWcUJTT2NxbTF5c2o2a0lpLzgKcUNPU3NNSEwzT1FEUmhmOS93SHpoRWlLQ2R5eXVyMldzMURxYkVDbGtJQ2NCQzR0amk4VEVOUU9GdXJKMDdPRwoxeTBMMmhVUGt1dUQ5eThLbDhTaG5yMVE0eGZXeDZwdUF4WTVidWNyQk5DbU16dG55YW9qUldMUHBRVVZhaFdiClJEOUMvNDN1OHNGcDhTcDNYQkVXV1VVWTFqdE5zTXZEbjV1SDR4QUhwMlVFVWFJdkl5eGQwbHhBbnhUSmhvYU0KR0Z4MTdsdWNWT3pmdzI3Y1ZRSjBubkJlTXBadUpERW1NTFBzeVlMMGM1RmhpbXJIWHlsUWpBQlR4TUltZ2xwNApQUGhJSkZVNTYyMHI4V3JVN2RPa0tEMHNyVjhOZGtPN3Vmc2xOVFREeWxBWlMzak5qR095dWs1ZThtM0FIWEpWClBRMmg0WTBSaVhOL1AzQWN5MmR3eFlWQXRsVUNBd0VBQWFOQ01FQXdEZ1lEVlIwUEFRSC9CQVFEQWdJRU1BOEcKQTFVZEV3RUIvd1FGTUFNQkFmOHdIUVlEVlIwT0JCWUVGRStaWEozbmtCOFR4cnc4Rk5GZW9ON0J4VEZUTUEwRwpDU3FHU0liM0RRRUJDd1VBQTRJQmdRQlRXMWZBNHRWdnRUZ1VnTWlnb3FlRjl0ODVJS2F2ckhNdU5mNUdhUlg4CjRJWnJWa3JLS21wZnQ5WVl1TEVHdFdZWWYxZlZJQXZLQit6bTBCeXd3aUw0eVlhdVpocklaUWpJYmlDMW4xbHIKamZVSTFNSEN0M3YwQzRjNFA3Ly9wcVN4T2N6VXROVlZhWVVSNDhicTNuVm1GZzdrSkZjWGQrRTZXeGJ1MTBiNgpaaEl1YkxlUlFuWUYyU012NUFJSmE5eVdvZzBvZmFpbjZvd3lkR2FZUVdmcEgvTFhBRHh5UFNabEVMc1hmeEhUCnQwVjdHaEh4UU5EUjByZ2RGelZ6dGt6aHhQbk01c2JOWSthQU9OYU5KOXh5VnJPeGg0cWVIcWVzb2xCRGJpanMKU2pxTUlVSCthRXowTDdnZTZVTldxNDZaT1B4UjAzQXg5THVibUgvbkp4MFVVMGE5dlZpdXVsdUQzdC83YS8xcgpNdDc1YkVGZ2lXVzdrMFZWRXlxb0hKL0tCb2IrbWZlb2JvVlRGZTd4UkJIZ1lmbWFLZWxFNlBlTEZKOHg4ejZJCmQzRjlwcjBOTUtUY3BxQTJ0RE4xdldYMUhoeDVwcmE3VE5sK05ReW9VSlZUWGZ6endndFZBUFR4dFFlUHdaL2YKbHdRaGFJSWlxVnlPa3BlM3FOT01Gdnc9Ci0tLS0tRU5EIENFUlRJRklDQVRFLS0tLS0K",
      "type": "string"
    },
    "gcp_gke_cluster_react_endpoint": {
      "value": "35.225.86.63",
      "type": "string"
    },
    "gcp_gke_cluster_react_name": {
      "value": "react-vfej",
      "type": "string"
    }
  },
  "resources": [
    {
      "mode": "data",
      "type": "google_client_config",
      "name": "provider",
      "provider": "provider[\"registry.terraform.io/hashicorp/google\"]",
      "instances": [
        {
          "schema_version": 0,
          "attributes": {
            "access_token": "ya29.c.b0Aaekm1IQdVRd2uyT-E--utww-qVvpgGIjyupFoABZ3LiyFbonoff6u_DXCcDu3Ki4qyU7i6XjB3MC9sFmF8encd03HpvJf3NfUx6Xzx30jAtjnCyCP0Hw_g1-itdS4tbIpF9H5S7Hqqo9UdAhi72JCwXLaekwHocQA1y7Kg-mOnPKLFNqzCXsS3-zjdOp6zAkOWvRGt-KyQ6BlS168qwfC7QhC6jdzEWUAjicLagukLwBcQ2fdaFGzvUIKUAl8EdviKK_MsOeVmJRC0d0KsMet9_tFG2Duin9IKQaUXXQk8n4qcYwLRRPBCtz9teEl712elGEsn8lQN339Ak9ydnuRxlUj7vuRyiY-oBXQ1IR_Qs5dR9gVUQMBpFnuckuZefFBquofbI4xWc7VVIvnw05OsrU4vycvoFym70VV57vBZwRewUvpmlg1oa-7c3RecMYjB_6l4myFgyn0qg3b7qpgZpXWk6q8n8d2Ufkh05JwcYSJ1qU4xs2uW6scZyMQviVVO6ndpstl_zbR2OBaWuBJOf0SFzYyijoRcF7sMd8fYupjoI8V50Fpkr9pXz22jnt1QltltagisSFcj_wgvic6z6cQBbdu__li1R7z2ZhdlaulYae0RltZrsYr5bIb0YzbvjrSc8B6MJ_fS9XvBV9UYw0jVBol12yRSf_80eIsRhf-Bo0wBgtbn5Vo4VuYU4XWO44tF0MgVUWaIIM_j1Oubp-bj8gippg9vnVvR-W4ftM_uucxpxaSMWr-7Q6gd_5mpnupzorVg_s7mpJJswxg9bc_sVeJddhaSSF7ZnO_RS70UF4Z-o-Zjxt6jJ0chaiqZ9u0lIR7hiyb_ou-trOpQ5YrSMIxfXxRFm5IfnI-IaBIjxeImjjM8Q0ae-jQ2ao9OIM7uwQ8lpSvFW2kwQlu92i3obFq5qVOpr17t1u6phMrVgcc_fyoz27k4SfX-VYd1O6iYzbzczvokYBy4-ZrqnZm7I7_i2i1O_5nYFatZSg0ml4lcjjew",
            "id": "projects/p-vog23x9oea5u-0/regions/us-central1/zones/",
            "project": "p-vog23x9oea5u-0",
            "region": "us-central1",
            "zone": ""
          }
        }
      ]
    },
    {
      "mode": "data",
      "type": "terraform_remote_state",
      "name": "iam",
      "provider": "provider[\"terraform.io/builtin/terraform\"]",
      "instances": [
        {
          "schema_version": 0,
          "attributes": {
            "backend": "local",
            "config": {
              "value": {
                "path": "../iam/terraform.tfstate"
              },
              "type": [
                "object",
                {
                  "path": "string"
                }
              ]
            },
            "defaults": null,
            "outputs": {
              "value": {
                "aws_consul_iam_instance_profile_name": "consul-vfej",
                "aws_consul_iam_role_arn": "arn:aws:iam::332258952501:role/consul-vfej",
                "aws_cts_iam_instance_profile_name": "cts-vfej",
                "aws_cts_iam_role_arn": "arn:aws:iam::332258952501:role/cts-vfej",
                "aws_nomad_iam_instance_profile_name": "nomad-vfej",
                "aws_nomad_iam_role_arn": "arn:aws:iam::332258952501:role/nomad-vfej",
                "azure_consul_user_assigned_identity_id": "/subscriptions/37bc21fd-d0f5-46a3-8802-d5136be12b7e/resourceGroups/instruqt-vfej/providers/Microsoft.ManagedIdentity/userAssignedIdentities/consul-vfej",
                "azure_consul_user_assigned_identity_name": "consul-vfej",
                "azure_consul_user_assigned_identity_principal_id": "fbb7256b-225e-42f6-8db0-efd3e176d19e",
                "azure_product_api_user_assigned_identity_id": "/subscriptions/37bc21fd-d0f5-46a3-8802-d5136be12b7e/resourceGroups/instruqt-vfej/providers/Microsoft.ManagedIdentity/userAssignedIdentities/product-api-vfej",
                "azure_product_api_user_assigned_identity_name": "product-api-vfej",
                "azure_product_api_user_assigned_identity_principal_id": "efb6b0ac-81cb-46e3-bb01-0d2ebc1385e0",
                "gcp_consul_service_account_email": "consul-vfej@p-vog23x9oea5u-0.iam.gserviceaccount.com"
              },
              "type": [
                "object",
                {
                  "aws_consul_iam_instance_profile_name": "string",
                  "aws_consul_iam_role_arn": "string",
                  "aws_cts_iam_instance_profile_name": "string",
                  "aws_cts_iam_role_arn": "string",
                  "aws_nomad_iam_instance_profile_name": "string",
                  "aws_nomad_iam_role_arn": "string",
                  "azure_consul_user_assigned_identity_id": "string",
                  "azure_consul_user_assigned_identity_name": "string",
                  "azure_consul_user_assigned_identity_principal_id": "string",
                  "azure_product_api_user_assigned_identity_id": "string",
                  "azure_product_api_user_assigned_identity_name": "string",
                  "azure_product_api_user_assigned_identity_principal_id": "string",
                  "gcp_consul_service_account_email": "string"
                }
              ]
            },
            "workspace": null
          }
        }
      ]
    },
    {
      "mode": "data",
      "type": "terraform_remote_state",
      "name": "infra",
      "provider": "provider[\"terraform.io/builtin/terraform\"]",
      "instances": [
        {
          "schema_version": 0,
          "attributes": {
            "backend": "local",
            "config": {
              "value": {
                "path": "../infra/terraform.tfstate"
              },
              "type": [
                "object",
                {
                  "path": "string"
                }
              ]
            },
            "defaults": null,
            "outputs": {
              "value": {
                "aws_shared_svcs_private_subnets": [
                  "subnet-0f28b3e2ffeb6c850",
                  "subnet-02954e54ad1f182d6",
                  "subnet-04a046c94626becbd"
                ],
                "aws_shared_svcs_public_subnets": [
                  "subnet-00e0abdeeb6e3dfc1",
                  "subnet-04d2924304f7e501c",
                  "subnet-0218dec6dd57ff1a8"
                ],
                "aws_shared_svcs_vpc": "vpc-09d729a27d42ad613",
                "aws_ssh_key_name": "instruqt-vfej",
                "azure_app_public_subnets": [
                  "/subscriptions/37bc21fd-d0f5-46a3-8802-d5136be12b7e/resourceGroups/instruqt-vfej/providers/Microsoft.Network/virtualNetworks/app-vnet/subnets/app"
                ],
                "azure_rg_location": "southcentralus",
                "azure_rg_name": "instruqt-vfej",
                "azure_shared_svcs_public_subnets": [
                  "/subscriptions/37bc21fd-d0f5-46a3-8802-d5136be12b7e/resourceGroups/instruqt-vfej/providers/Microsoft.Network/virtualNetworks/shared-svcs-vnet/subnets/shared"
                ],
                "env": "vfej",
                "gcp_shared_svcs_network_self_link": "https://www.googleapis.com/compute/v1/projects/p-vog23x9oea5u-0/global/networks/vpc-shared-svcs"
              },
              "type": [
                "object",
                {
                  "aws_shared_svcs_private_subnets": [
                    "tuple",
                    [
                      "string",
                      "string",
                      "string"
                    ]
                  ],
                  "aws_shared_svcs_public_subnets": [
                    "tuple",
                    [
                      "string",
                      "string",
                      "string"
                    ]
                  ],
                  "aws_shared_svcs_vpc": "string",
                  "aws_ssh_key_name": "string",
                  "azure_app_public_subnets": [
                    "tuple",
                    [
                      "string"
                    ]
                  ],
                  "azure_rg_location": "string",
                  "azure_rg_name": "string",
                  "azure_shared_svcs_public_subnets": [
                    "tuple",
                    [
                      "string"
                    ]
                  ],
                  "env": "string",
                  "gcp_shared_svcs_network_self_link": "string"
                }
              ]
            },
            "workspace": null
          }
        }
      ]
    },
    {
      "mode": "managed",
      "type": "google_container_cluster",
      "name": "graphql",
      "provider": "provider[\"registry.terraform.io/hashicorp/google-beta\"]",
      "instances": [
        {
          "schema_version": 1,
          "attributes": {
            "addons_config": [
              {
                "cloudrun_config": [],
                "config_connector_config": [],
                "dns_cache_config": [],
                "gce_persistent_disk_csi_driver_config": [
                  {
                    "enabled": true
                  }
                ],
                "gcp_filestore_csi_driver_config": [],
                "gke_backup_agent_config": [],
                "horizontal_pod_autoscaling": [],
                "http_load_balancing": [],
                "istio_config": [],
                "kalm_config": [],
                "network_policy_config": [
                  {
                    "disabled": true
                  }
                ]
              }
            ],
            "authenticator_groups_config": [],
            "binary_authorization": [
              {
                "enabled": false,
                "evaluation_mode": ""
              }
            ],
            "cluster_autoscaling": [
              {
                "auto_provisioning_defaults": [],
                "autoscaling_profile": "BALANCED",
                "enabled": false,
                "resource_limits": []
              }
            ],
            "cluster_ipv4_cidr": "10.44.0.0/14",
            "cluster_telemetry": [
              {
                "type": "ENABLED"
              }
            ],
            "confidential_nodes": [],
            "cost_management_config": [],
            "database_encryption": [
              {
                "key_name": "",
                "state": "DECRYPTED"
              }
            ],
            "datapath_provider": "",
            "default_max_pods_per_node": 110,
            "default_snat_status": [
              {
                "disabled": false
              }
            ],
            "description": "",
            "dns_config": [],
            "enable_autopilot": false,
            "enable_binary_authorization": false,
            "enable_intranode_visibility": false,
            "enable_kubernetes_alpha": false,
            "enable_l4_ilb_subsetting": false,
            "enable_legacy_abac": true,
            "enable_shielded_nodes": true,
            "enable_tpu": false,
            "endpoint": "34.173.137.200",
            "gateway_api_config": [],
            "id": "projects/p-vog23x9oea5u-0/locations/us-central1-a/clusters/graphql-vfej",
            "identity_service_config": [],
            "initial_node_count": 1,
            "ip_allocation_policy": [
              {
                "cluster_ipv4_cidr_block": "10.44.0.0/14",
                "cluster_secondary_range_name": "gke-graphql-vfej-pods-b351ee5d",
                "services_ipv4_cidr_block": "10.48.0.0/20",
                "services_secondary_range_name": "gke-graphql-vfej-services-b351ee5d",
                "stack_type": "IPV4"
              }
            ],
            "label_fingerprint": "a9dc16a7",
            "location": "us-central1-a",
            "logging_config": [
              {
                "enable_components": [
                  "SYSTEM_COMPONENTS",
                  "WORKLOADS"
                ]
              }
            ],
            "logging_service": "logging.googleapis.com/kubernetes",
            "maintenance_policy": [
              {
                "daily_maintenance_window": [],
                "maintenance_exclusion": [],
                "recurring_window": [
                  {
                    "end_time": "2022-12-11T19:00:00Z",
                    "recurrence": "FREQ=WEEKLY;WKST=SU;BYDAY=SA,SU",
                    "start_time": "2022-12-11T13:00:00Z"
                  }
                ]
              }
            ],
            "master_auth": [
              {
                "client_certificate": "",
                "client_certificate_config": [
                  {
                    "issue_client_certificate": false
                  }
                ],
                "client_key": "",
                "cluster_ca_certificate": "LS0tLS1CRUdJTiBDRVJUSUZJQ0FURS0tLS0tCk1JSUVMVENDQXBXZ0F3SUJBZ0lSQU02SU9xVGF3b0dPMUVTVUZ4VUorTVV3RFFZSktvWklodmNOQVFFTEJRQXcKTHpFdE1Dc0dBMVVFQXhNa01UZGtZelF5Tm1JdE5qTmlZaTAwTXpsaUxUbGhZekV0T0RabVpHVm1ZV0ZqWXpjeQpNQ0FYRFRJek1EUXhNekV4TXpFME5Gb1lEekl3TlRNd05EQTFNVEl6TVRRMFdqQXZNUzB3S3dZRFZRUURFeVF4Ck4yUmpOREkyWWkwMk0ySmlMVFF6T1dJdE9XRmpNUzA0Tm1aa1pXWmhZV05qTnpJd2dnR2lNQTBHQ1NxR1NJYjMKRFFFQkFRVUFBNElCandBd2dnR0tBb0lCZ1FDekhJaCs2empaRjcvOG0yNjNRdWdoSng5SHAyc09ld1l1WE1vcQpSUHd1OUZnYjh5WkdzR2JvOWk0SGZoZUlhRE1NaWUvNzFaM3phL2xwNGR1Lyt5c1JKSWhHS2VTTENlMm5OaUJwClNNL1FScUlPeW1WNmdveXQwbUo5MmVnUW5pcWgyZ3NTdHB0akZUV2I0MVlWNHM5ZGxqcHBiNmFvcDFBWFV5dWEKbGgvSDdxczFXYVlKbGZCemg5R0I3eE9mRDJDZ05aV2cyOW9kR0xNblp3cTAzK050OUFDaUlaLzdQVW11dy9YYgpKUU11d2FiYTZPWVJjQVMvbEtNSWhYSlNTblp4VXVuNmV3Slpqd0djcEl4V2JKOXA1alpNUTNwQzFGSUx0TDFyCjRuYmM4cHplbnd6bldyS1lOd21kL0FvUGtXQkh0eEVYU2pRL211UHlrZ1YvMGVsWWNNbGNRN2ppRkFIelJBR0YKQkNvNm5ZNFcway8vOC9Kakk4SVE1MklDSnd5MVBrSTVNa3NZNGpSNkVFNGFjVGE4RWV3VDZ2bnNORlBmMWtURgppK0IvR0tjN1lEbXYyMWl1VHBUR2F1TDMyVFB5Vm5aTzlpSUt1ZzhEMUN6cVd0dWNpWG8zWk4yUjVvZ1lyTEYzClNlNmUvUlJZYlZ5YnkxbXhHaXU4ZXNqdmIxVUNBd0VBQWFOQ01FQXdEZ1lEVlIwUEFRSC9CQVFEQWdJRU1BOEcKQTFVZEV3RUIvd1FGTUFNQkFmOHdIUVlEVlIwT0JCWUVGQTV6QlZlU0RJMVZXQnFOaWhjanlQUytJVEZ0TUEwRwpDU3FHU0liM0RRRUJDd1VBQTRJQmdRQmpFcFd1YlhqNlZYQyt5SXIxb2sxVm5zdXdsclVXUVJnT3JNc0IwZkhqCjZjN0x2M3Q1cDg0ZzF0bTF1TDR4QVJCQnVaaUFmWkRFYmMwWjRVWVdQZVdyekYvVHAxdUM0Y2FPc0FGLzVZQUgKd3NscWMvZEUxdS9zMStWSnhiOUNBb3VXTHZsNEphWWlEZVhtNVcvYklwL1VOaVVZY0gyUk9vVXhzVlZIY283SApFY05wS1BVaUt0R3ljaUF2UkJ1eVo4OHljR1NkN0JHQkV3djZuQ1l4cGhHRUhXdUxhTDVtZXVBT2FpQnlnY3hNCkFtbDJqbnpvdko0OUwyNGtUSStPMGxyaXpYYjhWNHNzSnc2SUF3YWhua0dmaStFYTBNbnJheERyOG84anUyNzQKdndZL0tXZ1daK0dtRjQvUENXNjhqNVV6d3hGanFxcmp6VjZFOHZOL1hoUVkwSklmZk94TUJsSjhnTUVZbHZRZApkV212L1psbXdYTnhsYVd6cWoycmgxKzNUZ3JOWHg5L3ZnUFJZV3dHRkNuRGdNV0RYMnU4MjAzMVJ6VVpjUkNhCkNJY2ViNkhFclVCaU9qUFliNXA0U0R0ekY1MTlTalVId2dPUHNmWTByTnc4NFBFaFJnMUtYTVJBeHM3Q2VPL1AKV0U5LzFpeVlDV3REUmQ3Y3NxelNET2M9Ci0tLS0tRU5EIENFUlRJRklDQVRFLS0tLS0K"
              }
            ],
            "master_authorized_networks_config": [],
            "master_version": "1.21.14-gke.8500",
            "mesh_certificates": [],
            "min_master_version": "1.21.14-gke.8500",
            "monitoring_config": [
              {
                "enable_components": [
                  "SYSTEM_COMPONENTS"
                ],
                "managed_prometheus": []
              }
            ],
            "monitoring_service": "monitoring.googleapis.com/kubernetes",
            "name": "graphql-vfej",
            "network": "projects/p-vog23x9oea5u-0/global/networks/vpc-shared-svcs",
            "network_policy": [
              {
                "enabled": false,
                "provider": "PROVIDER_UNSPECIFIED"
              }
            ],
            "networking_mode": "VPC_NATIVE",
            "node_config": [
              {
                "advanced_machine_features": [],
                "boot_disk_kms_key": "",
                "disk_size_gb": 100,
                "disk_type": "pd-standard",
                "ephemeral_storage_config": [],
                "ephemeral_storage_local_ssd_config": [],
                "gcfs_config": [],
                "guest_accelerator": [],
                "gvnic": [],
                "image_type": "COS_CONTAINERD",
                "kubelet_config": [],
                "labels": {},
                "linux_node_config": [],
                "local_nvme_ssd_block_config": [],
                "local_ssd_count": 0,
                "logging_variant": "DEFAULT",
                "machine_type": "n1-standard-2",
                "metadata": {
                  "disable-legacy-endpoints": "true"
                },
                "min_cpu_platform": "",
                "node_group": "",
                "oauth_scopes": [
                  "https://www.googleapis.com/auth/cloud-platform",
                  "https://www.googleapis.com/auth/logging.write",
                  "https://www.googleapis.com/auth/monitoring"
                ],
                "preemptible": false,
                "reservation_affinity": [],
                "resource_labels": null,
                "sandbox_config": [],
                "service_account": "consul-vfej@p-vog23x9oea5u-0.iam.gserviceaccount.com",
                "shielded_instance_config": [
                  {
                    "enable_integrity_monitoring": true,
                    "enable_secure_boot": false
                  }
                ],
                "spot": false,
                "tags": [
                  "consul-client",
                  "consul-connect"
                ],
                "taint": [],
                "workload_metadata_config": []
              }
            ],
            "node_locations": [],
            "node_pool": [
              {
                "autoscaling": [],
                "initial_node_count": 1,
                "instance_group_urls": [
                  "https://www.googleapis.com/compute/v1/projects/p-vog23x9oea5u-0/zones/us-central1-a/instanceGroupManagers/gke-graphql-vfej-default-pool-6252deac-grp"
                ],
                "managed_instance_group_urls": [
                  "https://www.googleapis.com/compute/beta/projects/p-vog23x9oea5u-0/zones/us-central1-a/instanceGroups/gke-graphql-vfej-default-pool-6252deac-grp"
                ],
                "management": [
                  {
                    "auto_repair": true,
                    "auto_upgrade": true
                  }
                ],
                "max_pods_per_node": 110,
                "name": "default-pool",
                "name_prefix": "",
                "network_config": [
                  {
                    "create_pod_range": false,
                    "enable_private_nodes": false,
                    "pod_ipv4_cidr_block": "10.44.0.0/14",
                    "pod_range": "gke-graphql-vfej-pods-b351ee5d"
                  }
                ],
                "node_config": [
                  {
                    "advanced_machine_features": [],
                    "boot_disk_kms_key": "",
                    "disk_size_gb": 100,
                    "disk_type": "pd-standard",
                    "ephemeral_storage_config": [],
                    "ephemeral_storage_local_ssd_config": [],
                    "gcfs_config": [],
                    "guest_accelerator": [],
                    "gvnic": [],
                    "image_type": "COS_CONTAINERD",
                    "kubelet_config": [],
                    "labels": {},
                    "linux_node_config": [],
                    "local_nvme_ssd_block_config": [],
                    "local_ssd_count": 0,
                    "logging_variant": "DEFAULT",
                    "machine_type": "n1-standard-2",
                    "metadata": {
                      "disable-legacy-endpoints": "true"
                    },
                    "min_cpu_platform": "",
                    "node_group": "",
                    "oauth_scopes": [
                      "https://www.googleapis.com/auth/cloud-platform",
                      "https://www.googleapis.com/auth/logging.write",
                      "https://www.googleapis.com/auth/monitoring"
                    ],
                    "preemptible": false,
                    "reservation_affinity": [],
                    "resource_labels": {},
                    "sandbox_config": [],
                    "service_account": "consul-vfej@p-vog23x9oea5u-0.iam.gserviceaccount.com",
                    "shielded_instance_config": [
                      {
                        "enable_integrity_monitoring": true,
                        "enable_secure_boot": false
                      }
                    ],
                    "spot": false,
                    "tags": [
                      "consul-client",
                      "consul-connect"
                    ],
                    "taint": [],
                    "workload_metadata_config": []
                  }
                ],
                "node_count": 1,
                "node_locations": [
                  "us-central1-a"
                ],
                "placement_policy": [],
                "upgrade_settings": [
                  {
                    "blue_green_settings": [],
                    "max_surge": 1,
                    "max_unavailable": 0,
                    "strategy": "SURGE"
                  }
                ],
                "version": "1.21.14-gke.8500"
              }
            ],
            "node_pool_auto_config": [
              {
                "network_tags": null
              }
            ],
            "node_pool_defaults": [
              {
                "node_config_defaults": [
                  {
                    "gcfs_config": [],
                    "logging_variant": "DEFAULT"
                  }
                ]
              }
            ],
            "node_version": "1.21.14-gke.8500",
            "notification_config": [
              {
                "pubsub": [
                  {
                    "enabled": false,
                    "filter": [],
                    "topic": ""
                  }
                ]
              }
            ],
            "operation": null,
            "pod_security_policy_config": [
              {
                "enabled": false
              }
            ],
            "private_cluster_config": [],
            "private_ipv6_google_access": "",
            "project": "p-vog23x9oea5u-0",
            "protect_config": [
              {
                "workload_config": [
                  {
                    "audit_mode": "MODE_UNSPECIFIED"
                  }
                ],
                "workload_vulnerability_mode": "WORKLOAD_VULNERABILITY_MODE_UNSPECIFIED"
              }
            ],
            "release_channel": [
              {
                "channel": "UNSPECIFIED"
              }
            ],
            "remove_default_node_pool": null,
            "resource_labels": null,
            "resource_usage_export_config": [],
            "self_link": "https://container.googleapis.com/v1beta1/projects/p-vog23x9oea5u-0/zones/us-central1-a/clusters/graphql-vfej",
            "service_external_ips_config": [
              {
                "enabled": false
              }
            ],
            "services_ipv4_cidr": "10.48.0.0/20",
            "subnetwork": "projects/p-vog23x9oea5u-0/regions/us-central1/subnetworks/shared",
            "timeouts": {
              "create": "30m",
              "delete": null,
              "read": null,
              "update": "40m"
            },
            "tpu_config": null,
            "tpu_ipv4_cidr_block": "",
            "vertical_pod_autoscaling": [],
            "workload_identity_config": []
          },
          "private": "eyJlMmJmYjczMC1lY2FhLTExZTYtOGY4OC0zNDM2M2JjN2M0YzAiOnsiY3JlYXRlIjoxODAwMDAwMDAwMDAwLCJkZWxldGUiOjI0MDAwMDAwMDAwMDAsInJlYWQiOjI0MDAwMDAwMDAwMDAsInVwZGF0ZSI6MjQwMDAwMDAwMDAwMH0sInNjaGVtYV92ZXJzaW9uIjoiMSJ9",
          "dependencies": [
            "data.terraform_remote_state.iam",
            "data.terraform_remote_state.infra"
          ]
        }
      ]
    },
    {
      "mode": "managed",
      "type": "google_container_cluster",
      "name": "react",
      "provider": "provider[\"registry.terraform.io/hashicorp/google-beta\"]",
      "instances": [
        {
          "schema_version": 1,
          "attributes": {
            "addons_config": [
              {
                "cloudrun_config": [],
                "config_connector_config": [],
                "dns_cache_config": [],
                "gce_persistent_disk_csi_driver_config": [
                  {
                    "enabled": true
                  }
                ],
                "gcp_filestore_csi_driver_config": [],
                "gke_backup_agent_config": [],
                "horizontal_pod_autoscaling": [],
                "http_load_balancing": [],
                "istio_config": [],
                "kalm_config": [],
                "network_policy_config": [
                  {
                    "disabled": true
                  }
                ]
              }
            ],
            "authenticator_groups_config": [],
            "binary_authorization": [
              {
                "enabled": false,
                "evaluation_mode": ""
              }
            ],
            "cluster_autoscaling": [
              {
                "auto_provisioning_defaults": [],
                "autoscaling_profile": "BALANCED",
                "enabled": false,
                "resource_limits": []
              }
            ],
            "cluster_ipv4_cidr": "10.168.0.0/14",
            "cluster_telemetry": [
              {
                "type": "ENABLED"
              }
            ],
            "confidential_nodes": [],
            "cost_management_config": [],
            "database_encryption": [
              {
                "key_name": "",
                "state": "DECRYPTED"
              }
            ],
            "datapath_provider": "",
            "default_max_pods_per_node": 110,
            "default_snat_status": [
              {
                "disabled": false
              }
            ],
            "description": "",
            "dns_config": [],
            "enable_autopilot": false,
            "enable_binary_authorization": false,
            "enable_intranode_visibility": false,
            "enable_kubernetes_alpha": false,
            "enable_l4_ilb_subsetting": false,
            "enable_legacy_abac": true,
            "enable_shielded_nodes": true,
            "enable_tpu": false,
            "endpoint": "35.225.86.63",
            "gateway_api_config": [],
            "id": "projects/p-vog23x9oea5u-0/locations/us-central1-a/clusters/react-vfej",
            "identity_service_config": [],
            "initial_node_count": 1,
            "ip_allocation_policy": [
              {
                "cluster_ipv4_cidr_block": "10.168.0.0/14",
                "cluster_secondary_range_name": "gke-react-vfej-pods-5779b996",
                "services_ipv4_cidr_block": "10.172.0.0/20",
                "services_secondary_range_name": "gke-react-vfej-services-5779b996",
                "stack_type": "IPV4"
              }
            ],
            "label_fingerprint": "a9dc16a7",
            "location": "us-central1-a",
            "logging_config": [
              {
                "enable_components": [
                  "SYSTEM_COMPONENTS",
                  "WORKLOADS"
                ]
              }
            ],
            "logging_service": "logging.googleapis.com/kubernetes",
            "maintenance_policy": [
              {
                "daily_maintenance_window": [],
                "maintenance_exclusion": [],
                "recurring_window": [
                  {
                    "end_time": "2022-12-11T19:00:00Z",
                    "recurrence": "FREQ=WEEKLY;WKST=SU;BYDAY=SA,SU",
                    "start_time": "2022-12-11T13:00:00Z"
                  }
                ]
              }
            ],
            "master_auth": [
              {
                "client_certificate": "",
                "client_certificate_config": [
                  {
                    "issue_client_certificate": false
                  }
                ],
                "client_key": "",
                "cluster_ca_certificate": "LS0tLS1CRUdJTiBDRVJUSUZJQ0FURS0tLS0tCk1JSUVMVENDQXBXZ0F3SUJBZ0lSQU95Sm5NU1Z6NGtZcWFlYytkdDZNNzR3RFFZSktvWklodmNOQVFFTEJRQXcKTHpFdE1Dc0dBMVVFQXhNa1pESXlOalptTkdVdE9ESmlNUzAwWkRWaExXRTRZak10WkRWaU9HTmtNRE5oTUdZeQpNQ0FYRFRJek1EUXhNekV4TXpFME5sb1lEekl3TlRNd05EQTFNVEl6TVRRMldqQXZNUzB3S3dZRFZRUURFeVJrCk1qSTJObVkwWlMwNE1tSXhMVFJrTldFdFlUaGlNeTFrTldJNFkyUXdNMkV3WmpJd2dnR2lNQTBHQ1NxR1NJYjMKRFFFQkFRVUFBNElCandBd2dnR0tBb0lCZ1FDMkN5b0s0bEE1UkJTbzl5SGYzV3B4TmR1ZEZEdllkeW9LdkJEcAorRHMySUhsSlFobURmZDZmZnpaWVZjTWdrVzA5ZWozV1c5eGhUOEdGUThSeS9DU0xUNFRSemJPekFOcjh5VHJuCmpHZ2NSdzVmZFR0OXQwNzZMTzk2UFR6SjBzdlUwaGJPRGNicDRJRnEwazFpdDJWcUJTT2NxbTF5c2o2a0lpLzgKcUNPU3NNSEwzT1FEUmhmOS93SHpoRWlLQ2R5eXVyMldzMURxYkVDbGtJQ2NCQzR0amk4VEVOUU9GdXJKMDdPRwoxeTBMMmhVUGt1dUQ5eThLbDhTaG5yMVE0eGZXeDZwdUF4WTVidWNyQk5DbU16dG55YW9qUldMUHBRVVZhaFdiClJEOUMvNDN1OHNGcDhTcDNYQkVXV1VVWTFqdE5zTXZEbjV1SDR4QUhwMlVFVWFJdkl5eGQwbHhBbnhUSmhvYU0KR0Z4MTdsdWNWT3pmdzI3Y1ZRSjBubkJlTXBadUpERW1NTFBzeVlMMGM1RmhpbXJIWHlsUWpBQlR4TUltZ2xwNApQUGhJSkZVNTYyMHI4V3JVN2RPa0tEMHNyVjhOZGtPN3Vmc2xOVFREeWxBWlMzak5qR095dWs1ZThtM0FIWEpWClBRMmg0WTBSaVhOL1AzQWN5MmR3eFlWQXRsVUNBd0VBQWFOQ01FQXdEZ1lEVlIwUEFRSC9CQVFEQWdJRU1BOEcKQTFVZEV3RUIvd1FGTUFNQkFmOHdIUVlEVlIwT0JCWUVGRStaWEozbmtCOFR4cnc4Rk5GZW9ON0J4VEZUTUEwRwpDU3FHU0liM0RRRUJDd1VBQTRJQmdRQlRXMWZBNHRWdnRUZ1VnTWlnb3FlRjl0ODVJS2F2ckhNdU5mNUdhUlg4CjRJWnJWa3JLS21wZnQ5WVl1TEVHdFdZWWYxZlZJQXZLQit6bTBCeXd3aUw0eVlhdVpocklaUWpJYmlDMW4xbHIKamZVSTFNSEN0M3YwQzRjNFA3Ly9wcVN4T2N6VXROVlZhWVVSNDhicTNuVm1GZzdrSkZjWGQrRTZXeGJ1MTBiNgpaaEl1YkxlUlFuWUYyU012NUFJSmE5eVdvZzBvZmFpbjZvd3lkR2FZUVdmcEgvTFhBRHh5UFNabEVMc1hmeEhUCnQwVjdHaEh4UU5EUjByZ2RGelZ6dGt6aHhQbk01c2JOWSthQU9OYU5KOXh5VnJPeGg0cWVIcWVzb2xCRGJpanMKU2pxTUlVSCthRXowTDdnZTZVTldxNDZaT1B4UjAzQXg5THVibUgvbkp4MFVVMGE5dlZpdXVsdUQzdC83YS8xcgpNdDc1YkVGZ2lXVzdrMFZWRXlxb0hKL0tCb2IrbWZlb2JvVlRGZTd4UkJIZ1lmbWFLZWxFNlBlTEZKOHg4ejZJCmQzRjlwcjBOTUtUY3BxQTJ0RE4xdldYMUhoeDVwcmE3VE5sK05ReW9VSlZUWGZ6endndFZBUFR4dFFlUHdaL2YKbHdRaGFJSWlxVnlPa3BlM3FOT01Gdnc9Ci0tLS0tRU5EIENFUlRJRklDQVRFLS0tLS0K"
              }
            ],
            "master_authorized_networks_config": [],
            "master_version": "1.21.14-gke.8500",
            "mesh_certificates": [],
            "min_master_version": "1.21.14-gke.8500",
            "monitoring_config": [
              {
                "enable_components": [
                  "SYSTEM_COMPONENTS"
                ],
                "managed_prometheus": []
              }
            ],
            "monitoring_service": "monitoring.googleapis.com/kubernetes",
            "name": "react-vfej",
            "network": "projects/p-vog23x9oea5u-0/global/networks/vpc-shared-svcs",
            "network_policy": [
              {
                "enabled": false,
                "provider": "PROVIDER_UNSPECIFIED"
              }
            ],
            "networking_mode": "VPC_NATIVE",
            "node_config": [
              {
                "advanced_machine_features": [],
                "boot_disk_kms_key": "",
                "disk_size_gb": 100,
                "disk_type": "pd-standard",
                "ephemeral_storage_config": [],
                "ephemeral_storage_local_ssd_config": [],
                "gcfs_config": [],
                "guest_accelerator": [],
                "gvnic": [],
                "image_type": "COS_CONTAINERD",
                "kubelet_config": [],
                "labels": {},
                "linux_node_config": [],
                "local_nvme_ssd_block_config": [],
                "local_ssd_count": 0,
                "logging_variant": "DEFAULT",
                "machine_type": "n1-standard-2",
                "metadata": {
                  "disable-legacy-endpoints": "true"
                },
                "min_cpu_platform": "",
                "node_group": "",
                "oauth_scopes": [
                  "https://www.googleapis.com/auth/cloud-platform",
                  "https://www.googleapis.com/auth/logging.write",
                  "https://www.googleapis.com/auth/monitoring"
                ],
                "preemptible": false,
                "reservation_affinity": [],
                "resource_labels": null,
                "sandbox_config": [],
                "service_account": "consul-vfej@p-vog23x9oea5u-0.iam.gserviceaccount.com",
                "shielded_instance_config": [
                  {
                    "enable_integrity_monitoring": true,
                    "enable_secure_boot": false
                  }
                ],
                "spot": false,
                "tags": [
                  "consul-client",
                  "consul-connect"
                ],
                "taint": [],
                "workload_metadata_config": []
              }
            ],
            "node_locations": [],
            "node_pool": [
              {
                "autoscaling": [],
                "initial_node_count": 1,
                "instance_group_urls": [
                  "https://www.googleapis.com/compute/v1/projects/p-vog23x9oea5u-0/zones/us-central1-a/instanceGroupManagers/gke-react-vfej-default-pool-b8f24656-grp"
                ],
                "managed_instance_group_urls": [
                  "https://www.googleapis.com/compute/beta/projects/p-vog23x9oea5u-0/zones/us-central1-a/instanceGroups/gke-react-vfej-default-pool-b8f24656-grp"
                ],
                "management": [
                  {
                    "auto_repair": true,
                    "auto_upgrade": true
                  }
                ],
                "max_pods_per_node": 110,
                "name": "default-pool",
                "name_prefix": "",
                "network_config": [
                  {
                    "create_pod_range": false,
                    "enable_private_nodes": false,
                    "pod_ipv4_cidr_block": "10.168.0.0/14",
                    "pod_range": "gke-react-vfej-pods-5779b996"
                  }
                ],
                "node_config": [
                  {
                    "advanced_machine_features": [],
                    "boot_disk_kms_key": "",
                    "disk_size_gb": 100,
                    "disk_type": "pd-standard",
                    "ephemeral_storage_config": [],
                    "ephemeral_storage_local_ssd_config": [],
                    "gcfs_config": [],
                    "guest_accelerator": [],
                    "gvnic": [],
                    "image_type": "COS_CONTAINERD",
                    "kubelet_config": [],
                    "labels": {},
                    "linux_node_config": [],
                    "local_nvme_ssd_block_config": [],
                    "local_ssd_count": 0,
                    "logging_variant": "DEFAULT",
                    "machine_type": "n1-standard-2",
                    "metadata": {
                      "disable-legacy-endpoints": "true"
                    },
                    "min_cpu_platform": "",
                    "node_group": "",
                    "oauth_scopes": [
                      "https://www.googleapis.com/auth/cloud-platform",
                      "https://www.googleapis.com/auth/logging.write",
                      "https://www.googleapis.com/auth/monitoring"
                    ],
                    "preemptible": false,
                    "reservation_affinity": [],
                    "resource_labels": {},
                    "sandbox_config": [],
                    "service_account": "consul-vfej@p-vog23x9oea5u-0.iam.gserviceaccount.com",
                    "shielded_instance_config": [
                      {
                        "enable_integrity_monitoring": true,
                        "enable_secure_boot": false
                      }
                    ],
                    "spot": false,
                    "tags": [
                      "consul-client",
                      "consul-connect"
                    ],
                    "taint": [],
                    "workload_metadata_config": []
                  }
                ],
                "node_count": 1,
                "node_locations": [
                  "us-central1-a"
                ],
                "placement_policy": [],
                "upgrade_settings": [
                  {
                    "blue_green_settings": [],
                    "max_surge": 1,
                    "max_unavailable": 0,
                    "strategy": "SURGE"
                  }
                ],
                "version": "1.21.14-gke.8500"
              }
            ],
            "node_pool_auto_config": [
              {
                "network_tags": null
              }
            ],
            "node_pool_defaults": [
              {
                "node_config_defaults": [
                  {
                    "gcfs_config": [],
                    "logging_variant": "DEFAULT"
                  }
                ]
              }
            ],
            "node_version": "1.21.14-gke.8500",
            "notification_config": [
              {
                "pubsub": [
                  {
                    "enabled": false,
                    "filter": [],
                    "topic": ""
                  }
                ]
              }
            ],
            "operation": null,
            "pod_security_policy_config": [
              {
                "enabled": false
              }
            ],
            "private_cluster_config": [],
            "private_ipv6_google_access": "",
            "project": "p-vog23x9oea5u-0",
            "protect_config": [
              {
                "workload_config": [
                  {
                    "audit_mode": "MODE_UNSPECIFIED"
                  }
                ],
                "workload_vulnerability_mode": "WORKLOAD_VULNERABILITY_MODE_UNSPECIFIED"
              }
            ],
            "release_channel": [
              {
                "channel": "UNSPECIFIED"
              }
            ],
            "remove_default_node_pool": null,
            "resource_labels": null,
            "resource_usage_export_config": [],
            "self_link": "https://container.googleapis.com/v1beta1/projects/p-vog23x9oea5u-0/zones/us-central1-a/clusters/react-vfej",
            "service_external_ips_config": [
              {
                "enabled": false
              }
            ],
            "services_ipv4_cidr": "10.172.0.0/20",
            "subnetwork": "projects/p-vog23x9oea5u-0/regions/us-central1/subnetworks/shared",
            "timeouts": {
              "create": "30m",
              "delete": null,
              "read": null,
              "update": "40m"
            },
            "tpu_config": null,
            "tpu_ipv4_cidr_block": "",
            "vertical_pod_autoscaling": [],
            "workload_identity_config": []
          },
          "private": "eyJlMmJmYjczMC1lY2FhLTExZTYtOGY4OC0zNDM2M2JjN2M0YzAiOnsiY3JlYXRlIjoxODAwMDAwMDAwMDAwLCJkZWxldGUiOjI0MDAwMDAwMDAwMDAsInJlYWQiOjI0MDAwMDAwMDAwMDAsInVwZGF0ZSI6MjQwMDAwMDAwMDAwMH0sInNjaGVtYV92ZXJzaW9uIjoiMSJ9",
          "dependencies": [
            "data.terraform_remote_state.iam",
            "data.terraform_remote_state.infra"
          ]
        }
      ]
    }
  ]
}
